
Microsoft Visual Studio Solution File, Format Version 9.00
# Visual C++ Express 2005
Project("{8BC9CEB8-8B4A-11D0-8D11-00A0C91BC942}") = "Client", "Client.vcproj", "{376997F9-057A-47C0-AE1C-4ED2A6FC1E64}"
	ProjectSection(ProjectDependencies) = postProject
		{254C6F00-6DE5-44A6-AD44-ACABA8912381} = {254C6F00-6DE5-44A6-AD44-ACABA8912381}
	EndProjectSection
EndProject
Project("{8BC9CEB8-8B4A-11D0-8D11-00A0C91BC942}") = "Console", "Console.vcproj", "{F165A72F-E9AE-4804-BD90-81720AC05449}"
	ProjectSection(ProjectDependencies) = postProject
		{254C6F00-6DE5-44A6-AD44-ACABA8912381} = {254C6F00-6DE5-44A6-AD44-ACABA8912381}
	EndProjectSection
EndProject
Project("{8BC9CEB8-8B4A-11D0-8D11-00A0C91BC942}") = "Contrib", "Contrib.vcproj", "{0CB4DEF1-6046-46DC-9739-A3F47C456665}"
	ProjectSection(ProjectDependencies) = postProject
		{496A2084-FFED-4F73-8C85-170042A34F38} = {496A2084-FFED-4F73-8C85-170042A34F38}
		{C99A3794-EAF8-4D99-A09B-595ED0F00206} = {C99A3794-EAF8-4D99-A09B-595ED0F00206}
		{88B0C2FB-F813-4C85-BCE3-1629A2F8FE09} = {88B0C2FB-F813-4C85-BCE3-1629A2F8FE09}
	EndProjectSection
EndProject
Project("{8BC9CEB8-8B4A-11D0-8D11-00A0C91BC942}") = "Extra", "Extra.vcproj", "{B1E0D82A-DB84-4D66-A30D-D028D96D8315}"
	ProjectSection(ProjectDependencies) = postProject
		{2358F303-8EF4-404A-80C8-6E1826B2D423} = {2358F303-8EF4-404A-80C8-6E1826B2D423}
		{DC897705-0065-4FA0-B1C2-5A3E75240A95} = {DC897705-0065-4FA0-B1C2-5A3E75240A95}
		{3EA5873D-E3FA-4CA4-B8BB-8FE4183652A1} = {3EA5873D-E3FA-4CA4-B8BB-8FE4183652A1}
		{8CF9A752-8606-4819-99D8-CE3C4E744F85} = {8CF9A752-8606-4819-99D8-CE3C4E744F85}
		{E91BA1B2-C7C3-4DF1-9560-44C8077CFD5F} = {E91BA1B2-C7C3-4DF1-9560-44C8077CFD5F}
		{A9670DE2-5B1D-403C-9225-75135605C790} = {A9670DE2-5B1D-403C-9225-75135605C790}
	EndProjectSection
EndProject
Project("{8BC9CEB8-8B4A-11D0-8D11-00A0C91BC942}") = "Gtk2Client", "Gtk2Client.vcproj", "{E91BA1B2-C7C3-4DF1-9560-44C8077CFD5F}"
	ProjectSection(ProjectDependencies) = postProject
		{254C6F00-6DE5-44A6-AD44-ACABA8912381} = {254C6F00-6DE5-44A6-AD44-ACABA8912381}
		{ECEB56ED-84C3-4136-8314-16C0EBAA945C} = {ECEB56ED-84C3-4136-8314-16C0EBAA945C}
	EndProjectSection
EndProject
Project("{8BC9CEB8-8B4A-11D0-8D11-00A0C91BC942}") = "LibGtk2", "LibGtk2.vcproj", "{ECEB56ED-84C3-4136-8314-16C0EBAA945C}"
	ProjectSection(ProjectDependencies) = postProject
		{254C6F00-6DE5-44A6-AD44-ACABA8912381} = {254C6F00-6DE5-44A6-AD44-ACABA8912381}
	EndProjectSection
EndProject
Project("{8BC9CEB8-8B4A-11D0-8D11-00A0C91BC942}") = "Libyate", "Libyate.vcproj", "{254C6F00-6DE5-44A6-AD44-ACABA8912381}"
	ProjectSection(ProjectDependencies) = postProject
		{554E2C8A-41AE-46F4-AB70-06C676CEB2D0} = {554E2C8A-41AE-46F4-AB70-06C676CEB2D0}
	EndProjectSection
EndProject
Project("{8BC9CEB8-8B4A-11D0-8D11-00A0C91BC942}") = "Modules", "Modules.vcproj", "{BE362993-354F-4315-B878-05E952E1D164}"
	ProjectSection(ProjectDependencies) = postProject
		{5F248A16-8E3D-497A-8E68-F9E08971F583} = {5F248A16-8E3D-497A-8E68-F9E08971F583}
		{42B76F17-895F-4B1C-B783-7AAC92AFD56E} = {42B76F17-895F-4B1C-B783-7AAC92AFD56E}
		{34AC2018-91F1-41AF-A839-47DCF27D4434} = {34AC2018-91F1-41AF-A839-47DCF27D4434}
		{AA54CD1D-E1E1-4A00-9974-EE6924D85DBD} = {AA54CD1D-E1E1-4A00-9974-EE6924D85DBD}
		{125E8721-4B2C-4544-9EE5-8B16883662BE} = {125E8721-4B2C-4544-9EE5-8B16883662BE}
		{879C9A23-1081-4630-9509-9F0890B70CED} = {879C9A23-1081-4630-9509-9F0890B70CED}
		{2C0F6C29-318D-4FF6-82EE-49E6418F4C51} = {2C0F6C29-318D-4FF6-82EE-49E6418F4C51}
		{4490F42E-C4AE-4776-AE4D-490CABA6316E} = {4490F42E-C4AE-4776-AE4D-490CABA6316E}
		{E476FF31-5429-470F-928C-491D09FB4C3F} = {E476FF31-5429-470F-928C-491D09FB4C3F}
		{799C2C3A-9AA1-41C0-BD24-B35D83A564E2} = {799C2C3A-9AA1-41C0-BD24-B35D83A564E2}
		{F411C93D-FAD5-471C-9F6E-7CCE66DFCBFC} = {F411C93D-FAD5-471C-9F6E-7CCE66DFCBFC}
		{5E489550-A745-4A24-BBC4-FD4BE5333865} = {5E489550-A745-4A24-BBC4-FD4BE5333865}
		{E8EE0F54-0D2B-48FF-B2AF-6E268442A4D1} = {E8EE0F54-0D2B-48FF-B2AF-6E268442A4D1}
		{130EC95B-8851-4946-B0B5-6091CE3EFB00} = {130EC95B-8851-4946-B0B5-6091CE3EFB00}
		{8B67BE6A-B42B-47CA-8188-99A890786A3A} = {8B67BE6A-B42B-47CA-8188-99A890786A3A}
		{F85C5686-5E6E-490E-99F7-6B8E1776CF71} = {F85C5686-5E6E-490E-99F7-6B8E1776CF71}
		{06121688-9DC7-4032-B366-9862CDE6D313} = {06121688-9DC7-4032-B366-9862CDE6D313}
		{11BDB689-6A50-48AC-9D2E-1DF68E53510C} = {11BDB689-6A50-48AC-9D2E-1DF68E53510C}
		{BA27419A-2595-49D6-B363-492B1180E885} = {BA27419A-2595-49D6-B363-492B1180E885}
		{5F4005AA-CB7F-47C8-8598-726F5C506964} = {5F4005AA-CB7F-47C8-8598-726F5C506964}
		{6E6F6DC8-4B8F-4237-9FEC-BE3BBF268558} = {6E6F6DC8-4B8F-4237-9FEC-BE3BBF268558}
		{CF38A7D1-219E-4787-9E98-14693C08D588} = {CF38A7D1-219E-4787-9E98-14693C08D588}
		{F9AD69D6-58FE-4FED-B974-400BAA6BF0E6} = {F9AD69D6-58FE-4FED-B974-400BAA6BF0E6}
		{39A36BD8-0028-42F7-8D23-181D9ED9A92E} = {39A36BD8-0028-42F7-8D23-181D9ED9A92E}
		{14D986D9-75A8-48D3-8412-4536A4B610BC} = {14D986D9-75A8-48D3-8412-4536A4B610BC}
		{253846DF-22F7-44BD-ADFB-EE162C193637} = {253846DF-22F7-44BD-ADFB-EE162C193637}
		{A6E6D5DF-8C1B-4859-95E7-084467D8E812} = {A6E6D5DF-8C1B-4859-95E7-084467D8E812}
		{F00FDFE8-BCCE-4894-8414-91B47C11691C} = {F00FDFE8-BCCE-4894-8414-91B47C11691C}
		{A9CA94EB-27BA-46FA-A585-94D36706C4D7} = {A9CA94EB-27BA-46FA-A585-94D36706C4D7}
		{88C1CCEC-C1AF-4888-A4A1-C0798EDB3947} = {88C1CCEC-C1AF-4888-A4A1-C0798EDB3947}
		{C296BBF2-AD56-4249-AEF6-C04B03131474} = {C296BBF2-AD56-4249-AEF6-C04B03131474}
	EndProjectSection
EndProject
Project("{8BC9CEB8-8B4A-11D0-8D11-00A0C91BC942}") = "Service", "Service.vcproj", "{B1015F66-0C3D-43DA-8329-15FB43D2F74B}"
	ProjectSection(ProjectDependencies) = postProject
		{254C6F00-6DE5-44A6-AD44-ACABA8912381} = {254C6F00-6DE5-44A6-AD44-ACABA8912381}
	EndProjectSection
EndProject
Project("{8BC9CEB8-8B4A-11D0-8D11-00A0C91BC942}") = "TestSS7", "TestSS7.vcproj", "{CF9A3DF9-4CD7-4C42-8A6D-3369953BB503}"
	ProjectSection(ProjectDependencies) = postProject
		{254C6F00-6DE5-44A6-AD44-ACABA8912381} = {254C6F00-6DE5-44A6-AD44-ACABA8912381}
		{496A2084-FFED-4F73-8C85-170042A34F38} = {496A2084-FFED-4F73-8C85-170042A34F38}
	EndProjectSection
EndProject
Project("{8BC9CEB8-8B4A-11D0-8D11-00A0C91BC942}") = "YATE", "YATE.vcproj", "{DD6B8D9A-4BBF-4C48-81E5-7A2910B12395}"
	ProjectSection(ProjectDependencies) = postProject
		{254C6F00-6DE5-44A6-AD44-ACABA8912381} = {254C6F00-6DE5-44A6-AD44-ACABA8912381}
		{F165A72F-E9AE-4804-BD90-81720AC05449} = {F165A72F-E9AE-4804-BD90-81720AC05449}
		{B1015F66-0C3D-43DA-8329-15FB43D2F74B} = {B1015F66-0C3D-43DA-8329-15FB43D2F74B}
		{BE362993-354F-4315-B878-05E952E1D164} = {BE362993-354F-4315-B878-05E952E1D164}
	EndProjectSection
EndProject
Project("{8BC9CEB8-8B4A-11D0-8D11-00A0C91BC942}") = "_accfile", "_accfile.vcproj", "{AA54CD1D-E1E1-4A00-9974-EE6924D85DBD}"
	ProjectSection(ProjectDependencies) = postProject
		{254C6F00-6DE5-44A6-AD44-ACABA8912381} = {254C6F00-6DE5-44A6-AD44-ACABA8912381}
	EndProjectSection
EndProject
Project("{8BC9CEB8-8B4A-11D0-8D11-00A0C91BC942}") = "_analyzer", "_analyzer.vcproj", "{F411C93D-FAD5-471C-9F6E-7CCE66DFCBFC}"
	ProjectSection(ProjectDependencies) = postProject
		{254C6F00-6DE5-44A6-AD44-ACABA8912381} = {254C6F00-6DE5-44A6-AD44-ACABA8912381}
	EndProjectSection
EndProject
Project("{8BC9CEB8-8B4A-11D0-8D11-00A0C91BC942}") = "_callfork", "_callfork.vcproj", "{5F4005AA-CB7F-47C8-8598-726F5C506964}"
	ProjectSection(ProjectDependencies) = postProject
		{254C6F00-6DE5-44A6-AD44-ACABA8912381} = {254C6F00-6DE5-44A6-AD44-ACABA8912381}
	EndProjectSection
EndProject
Project("{8BC9CEB8-8B4A-11D0-8D11-00A0C91BC942}") = "_callgen", "_callgen.vcproj", "{BA27419A-2595-49D6-B363-492B1180E885}"
	ProjectSection(ProjectDependencies) = postProject
		{254C6F00-6DE5-44A6-AD44-ACABA8912381} = {254C6F00-6DE5-44A6-AD44-ACABA8912381}
	EndProjectSection
EndProject
Project("{8BC9CEB8-8B4A-11D0-8D11-00A0C91BC942}") = "_cdrbuild", "_cdrbuild.vcproj", "{42B76F17-895F-4B1C-B783-7AAC92AFD56E}"
	ProjectSection(ProjectDependencies) = postProject
		{254C6F00-6DE5-44A6-AD44-ACABA8912381} = {254C6F00-6DE5-44A6-AD44-ACABA8912381}
	EndProjectSection
EndProject
Project("{8BC9CEB8-8B4A-11D0-8D11-00A0C91BC942}") = "_cdrfile", "_cdrfile.vcproj", "{E8EE0F54-0D2B-48FF-B2AF-6E268442A4D1}"
	ProjectSection(ProjectDependencies) = postProject
		{254C6F00-6DE5-44A6-AD44-ACABA8912381} = {254C6F00-6DE5-44A6-AD44-ACABA8912381}
	EndProjectSection
EndProject
Project("{8BC9CEB8-8B4A-11D0-8D11-00A0C91BC942}") = "_conference", "_conference.vcproj", "{39A36BD8-0028-42F7-8D23-181D9ED9A92E}"
	ProjectSection(ProjectDependencies) = postProject
		{254C6F00-6DE5-44A6-AD44-ACABA8912381} = {254C6F00-6DE5-44A6-AD44-ACABA8912381}
	EndProjectSection
EndProject
Project("{8BC9CEB8-8B4A-11D0-8D11-00A0C91BC942}") = "_dbpbx", "_dbpbx.vcproj", "{F9AD69D6-58FE-4FED-B974-400BAA6BF0E6}"
	ProjectSection(ProjectDependencies) = postProject
		{254C6F00-6DE5-44A6-AD44-ACABA8912381} = {254C6F00-6DE5-44A6-AD44-ACABA8912381}
		{D01C44EA-8D3D-4F04-A833-BA0861E119A4} = {D01C44EA-8D3D-4F04-A833-BA0861E119A4}
	EndProjectSection
EndProject
Project("{8BC9CEB8-8B4A-11D0-8D11-00A0C91BC942}") = "_dsoundchan", "_dsoundchan.vcproj", "{A9CA94EB-27BA-46FA-A585-94D36706C4D7}"
	ProjectSection(ProjectDependencies) = postProject
		{254C6F00-6DE5-44A6-AD44-ACABA8912381} = {254C6F00-6DE5-44A6-AD44-ACABA8912381}
	EndProjectSection
EndProject
Project("{8BC9CEB8-8B4A-11D0-8D11-00A0C91BC942}") = "_dumbchan", "_dumbchan.vcproj", "{34AC2018-91F1-41AF-A839-47DCF27D4434}"
	ProjectSection(ProjectDependencies) = postProject
		{254C6F00-6DE5-44A6-AD44-ACABA8912381} = {254C6F00-6DE5-44A6-AD44-ACABA8912381}
	EndProjectSection
EndProject
Project("{8BC9CEB8-8B4A-11D0-8D11-00A0C91BC942}") = "_extmodule", "_extmodule.vcproj", "{130EC95B-8851-4946-B0B5-6091CE3EFB00}"
	ProjectSection(ProjectDependencies) = postProject
		{254C6F00-6DE5-44A6-AD44-ACABA8912381} = {254C6F00-6DE5-44A6-AD44-ACABA8912381}
	EndProjectSection
EndProject
Project("{8BC9CEB8-8B4A-11D0-8D11-00A0C91BC942}") = "_gsmcodec", "_gsmcodec.vcproj", "{8CF9A752-8606-4819-99D8-CE3C4E744F85}"
	ProjectSection(ProjectDependencies) = postProject
		{254C6F00-6DE5-44A6-AD44-ACABA8912381} = {254C6F00-6DE5-44A6-AD44-ACABA8912381}
	EndProjectSection
EndProject
Project("{8BC9CEB8-8B4A-11D0-8D11-00A0C91BC942}") = "_h323chan", "_h323chan.vcproj", "{DC897705-0065-4FA0-B1C2-5A3E75240A95}"
	ProjectSection(ProjectDependencies) = postProject
		{254C6F00-6DE5-44A6-AD44-ACABA8912381} = {254C6F00-6DE5-44A6-AD44-ACABA8912381}
	EndProjectSection
EndProject
Project("{8BC9CEB8-8B4A-11D0-8D11-00A0C91BC942}") = "_ilbccodec", "_ilbccodec.vcproj", "{4490F42E-C4AE-4776-AE4D-490CABA6316E}"
	ProjectSection(ProjectDependencies) = postProject
		{254C6F00-6DE5-44A6-AD44-ACABA8912381} = {254C6F00-6DE5-44A6-AD44-ACABA8912381}
		{67CD1DCE-38FA-4705-BD7D-D7717C8CE93D} = {67CD1DCE-38FA-4705-BD7D-D7717C8CE93D}
	EndProjectSection
EndProject
Project("{8BC9CEB8-8B4A-11D0-8D11-00A0C91BC942}") = "_msgsniff", "_msgsniff.vcproj", "{F85C5686-5E6E-490E-99F7-6B8E1776CF71}"
	ProjectSection(ProjectDependencies) = postProject
		{254C6F00-6DE5-44A6-AD44-ACABA8912381} = {254C6F00-6DE5-44A6-AD44-ACABA8912381}
	EndProjectSection
EndProject
Project("{8BC9CEB8-8B4A-11D0-8D11-00A0C91BC942}") = "_mysqldb", "_mysqldb.vcproj", "{2358F303-8EF4-404A-80C8-6E1826B2D423}"
	ProjectSection(ProjectDependencies) = postProject
		{254C6F00-6DE5-44A6-AD44-ACABA8912381} = {254C6F00-6DE5-44A6-AD44-ACABA8912381}
	EndProjectSection
EndProject
Project("{8BC9CEB8-8B4A-11D0-8D11-00A0C91BC942}") = "_park", "_park.vcproj", "{5F248A16-8E3D-497A-8E68-F9E08971F583}"
	ProjectSection(ProjectDependencies) = postProject
		{254C6F00-6DE5-44A6-AD44-ACABA8912381} = {254C6F00-6DE5-44A6-AD44-ACABA8912381}
	EndProjectSection
EndProject
Project("{8BC9CEB8-8B4A-11D0-8D11-00A0C91BC942}") = "_pbx", "_pbx.vcproj", "{06121688-9DC7-4032-B366-9862CDE6D313}"
	ProjectSection(ProjectDependencies) = postProject
		{254C6F00-6DE5-44A6-AD44-ACABA8912381} = {254C6F00-6DE5-44A6-AD44-ACABA8912381}
	EndProjectSection
EndProject
Project("{8BC9CEB8-8B4A-11D0-8D11-00A0C91BC942}") = "_pbxassist", "_pbxassist.vcproj", "{5E489550-A745-4A24-BBC4-FD4BE5333865}"
	ProjectSection(ProjectDependencies) = postProject
		{254C6F00-6DE5-44A6-AD44-ACABA8912381} = {254C6F00-6DE5-44A6-AD44-ACABA8912381}
		{D01C44EA-8D3D-4F04-A833-BA0861E119A4} = {D01C44EA-8D3D-4F04-A833-BA0861E119A4}
	EndProjectSection
EndProject
Project("{8BC9CEB8-8B4A-11D0-8D11-00A0C91BC942}") = "_pgsqldb", "_pgsqldb.vcproj", "{A9670DE2-5B1D-403C-9225-75135605C790}"
	ProjectSection(ProjectDependencies) = postProject
		{254C6F00-6DE5-44A6-AD44-ACABA8912381} = {254C6F00-6DE5-44A6-AD44-ACABA8912381}
	EndProjectSection
EndProject
Project("{8BC9CEB8-8B4A-11D0-8D11-00A0C91BC942}") = "_queues", "_queues.vcproj", "{88C1CCEC-C1AF-4888-A4A1-C0798EDB3947}"
	ProjectSection(ProjectDependencies) = postProject
		{254C6F00-6DE5-44A6-AD44-ACABA8912381} = {254C6F00-6DE5-44A6-AD44-ACABA8912381}
	EndProjectSection
EndProject
Project("{8BC9CEB8-8B4A-11D0-8D11-00A0C91BC942}") = "_regexroute", "_regexroute.vcproj", "{253846DF-22F7-44BD-ADFB-EE162C193637}"
	ProjectSection(ProjectDependencies) = postProject
		{254C6F00-6DE5-44A6-AD44-ACABA8912381} = {254C6F00-6DE5-44A6-AD44-ACABA8912381}
	EndProjectSection
EndProject
Project("{8BC9CEB8-8B4A-11D0-8D11-00A0C91BC942}") = "_regfile", "_regfile.vcproj", "{125E8721-4B2C-4544-9EE5-8B16883662BE}"
	ProjectSection(ProjectDependencies) = postProject
		{254C6F00-6DE5-44A6-AD44-ACABA8912381} = {254C6F00-6DE5-44A6-AD44-ACABA8912381}
	EndProjectSection
EndProject
Project("{8BC9CEB8-8B4A-11D0-8D11-00A0C91BC942}") = "_register", "_register.vcproj", "{E476FF31-5429-470F-928C-491D09FB4C3F}"
	ProjectSection(ProjectDependencies) = postProject
		{254C6F00-6DE5-44A6-AD44-ACABA8912381} = {254C6F00-6DE5-44A6-AD44-ACABA8912381}
	EndProjectSection
EndProject
Project("{8BC9CEB8-8B4A-11D0-8D11-00A0C91BC942}") = "_rmanager", "_rmanager.vcproj", "{879C9A23-1081-4630-9509-9F0890B70CED}"
	ProjectSection(ProjectDependencies) = postProject
		{254C6F00-6DE5-44A6-AD44-ACABA8912381} = {254C6F00-6DE5-44A6-AD44-ACABA8912381}
	EndProjectSection
EndProject
Project("{8BC9CEB8-8B4A-11D0-8D11-00A0C91BC942}") = "_sipfeatures", "_sipfeatures.vcproj", "{CF38A7D1-219E-4787-9E98-14693C08D588}"
	ProjectSection(ProjectDependencies) = postProject
		{254C6F00-6DE5-44A6-AD44-ACABA8912381} = {254C6F00-6DE5-44A6-AD44-ACABA8912381}
	EndProjectSection
EndProject
Project("{8BC9CEB8-8B4A-11D0-8D11-00A0C91BC942}") = "_speexcodec", "_speexcodec.vcproj", "{889C65FD-CBA9-4E88-B380-DE2640A140A7}"
	ProjectSection(ProjectDependencies) = postProject
		{254C6F00-6DE5-44A6-AD44-ACABA8912381} = {254C6F00-6DE5-44A6-AD44-ACABA8912381}
	EndProjectSection
EndProject
Project("{8BC9CEB8-8B4A-11D0-8D11-00A0C91BC942}") = "_tonedetect", "_tonedetect.vcproj", "{C296BBF2-AD56-4249-AEF6-C04B03131474}"
	ProjectSection(ProjectDependencies) = postProject
		{254C6F00-6DE5-44A6-AD44-ACABA8912381} = {254C6F00-6DE5-44A6-AD44-ACABA8912381}
	EndProjectSection
EndProject
Project("{8BC9CEB8-8B4A-11D0-8D11-00A0C91BC942}") = "_tonegen", "_tonegen.vcproj", "{6E6F6DC8-4B8F-4237-9FEC-BE3BBF268558}"
	ProjectSection(ProjectDependencies) = postProject
		{254C6F00-6DE5-44A6-AD44-ACABA8912381} = {254C6F00-6DE5-44A6-AD44-ACABA8912381}
	EndProjectSection
EndProject
Project("{8BC9CEB8-8B4A-11D0-8D11-00A0C91BC942}") = "_wavefile", "_wavefile.vcproj", "{F00FDFE8-BCCE-4894-8414-91B47C11691C}"
	ProjectSection(ProjectDependencies) = postProject
		{254C6F00-6DE5-44A6-AD44-ACABA8912381} = {254C6F00-6DE5-44A6-AD44-ACABA8912381}
	EndProjectSection
EndProject
Project("{8BC9CEB8-8B4A-11D0-8D11-00A0C91BC942}") = "_wpcard", "_wpcard.vcproj", "{3EA5873D-E3FA-4CA4-B8BB-8FE4183652A1}"
	ProjectSection(ProjectDependencies) = postProject
		{254C6F00-6DE5-44A6-AD44-ACABA8912381} = {254C6F00-6DE5-44A6-AD44-ACABA8912381}
	EndProjectSection
EndProject
Project("{8BC9CEB8-8B4A-11D0-8D11-00A0C91BC942}") = "_yiaxchan", "_yiaxchan.vcproj", "{2C0F6C29-318D-4FF6-82EE-49E6418F4C51}"
	ProjectSection(ProjectDependencies) = postProject
		{254C6F00-6DE5-44A6-AD44-ACABA8912381} = {254C6F00-6DE5-44A6-AD44-ACABA8912381}
		{33730274-2D2F-47A5-94C9-FABEE8266AFC} = {33730274-2D2F-47A5-94C9-FABEE8266AFC}
	EndProjectSection
EndProject
Project("{8BC9CEB8-8B4A-11D0-8D11-00A0C91BC942}") = "_yjinglechan", "_yjinglechan.vcproj", "{11BDB689-6A50-48AC-9D2E-1DF68E53510C}"
	ProjectSection(ProjectDependencies) = postProject
		{254C6F00-6DE5-44A6-AD44-ACABA8912381} = {254C6F00-6DE5-44A6-AD44-ACABA8912381}
		{5F8F10EB-CA69-4013-8820-33BF562885EE} = {5F8F10EB-CA69-4013-8820-33BF562885EE}
		{E351C8F9-20A7-4363-909C-1A06E9BEAA6B} = {E351C8F9-20A7-4363-909C-1A06E9BEAA6B}
	EndProjectSection
EndProject
Project("{8BC9CEB8-8B4A-11D0-8D11-00A0C91BC942}") = "_yradius", "_yradius.vcproj", "{A6E6D5DF-8C1B-4859-95E7-084467D8E812}"
	ProjectSection(ProjectDependencies) = postProject
		{254C6F00-6DE5-44A6-AD44-ACABA8912381} = {254C6F00-6DE5-44A6-AD44-ACABA8912381}
	EndProjectSection
EndProject
Project("{8BC9CEB8-8B4A-11D0-8D11-00A0C91BC942}") = "_yrtpchan", "_yrtpchan.vcproj", "{8B67BE6A-B42B-47CA-8188-99A890786A3A}"
	ProjectSection(ProjectDependencies) = postProject
		{254C6F00-6DE5-44A6-AD44-ACABA8912381} = {254C6F00-6DE5-44A6-AD44-ACABA8912381}
		{C99A3794-EAF8-4D99-A09B-595ED0F00206} = {C99A3794-EAF8-4D99-A09B-595ED0F00206}
	EndProjectSection
EndProject
Project("{8BC9CEB8-8B4A-11D0-8D11-00A0C91BC942}") = "_ysipchan", "_ysipchan.vcproj", "{14D986D9-75A8-48D3-8412-4536A4B610BC}"
	ProjectSection(ProjectDependencies) = postProject
		{254C6F00-6DE5-44A6-AD44-ACABA8912381} = {254C6F00-6DE5-44A6-AD44-ACABA8912381}
		{88B0C2FB-F813-4C85-BCE3-1629A2F8FE09} = {88B0C2FB-F813-4C85-BCE3-1629A2F8FE09}
	EndProjectSection
EndProject
Project("{8BC9CEB8-8B4A-11D0-8D11-00A0C91BC942}") = "_ystunchan", "_ystunchan.vcproj", "{799C2C3A-9AA1-41C0-BD24-B35D83A564E2}"
	ProjectSection(ProjectDependencies) = postProject
		{254C6F00-6DE5-44A6-AD44-ACABA8912381} = {254C6F00-6DE5-44A6-AD44-ACABA8912381}
	EndProjectSection
EndProject
Project("{8BC9CEB8-8B4A-11D0-8D11-00A0C91BC942}") = "libilbc", "libilbc.vcproj", "{67CD1DCE-38FA-4705-BD7D-D7717C8CE93D}"
EndProject
Project("{8BC9CEB8-8B4A-11D0-8D11-00A0C91BC942}") = "libregex", "libregex.vcproj", "{554E2C8A-41AE-46F4-AB70-06C676CEB2D0}"
EndProject
Project("{8BC9CEB8-8B4A-11D0-8D11-00A0C91BC942}") = "libyiax", "libyiax.vcproj", "{33730274-2D2F-47A5-94C9-FABEE8266AFC}"
	ProjectSection(ProjectDependencies) = postProject
		{254C6F00-6DE5-44A6-AD44-ACABA8912381} = {254C6F00-6DE5-44A6-AD44-ACABA8912381}
	EndProjectSection
EndProject
Project("{8BC9CEB8-8B4A-11D0-8D11-00A0C91BC942}") = "libyjingle", "libyjingle.vcproj", "{5F8F10EB-CA69-4013-8820-33BF562885EE}"
	ProjectSection(ProjectDependencies) = postProject
		{E351C8F9-20A7-4363-909C-1A06E9BEAA6B} = {E351C8F9-20A7-4363-909C-1A06E9BEAA6B}
	EndProjectSection
EndProject
Project("{8BC9CEB8-8B4A-11D0-8D11-00A0C91BC942}") = "libypbx", "libypbx.vcproj", "{D01C44EA-8D3D-4F04-A833-BA0861E119A4}"
	ProjectSection(ProjectDependencies) = postProject
		{254C6F00-6DE5-44A6-AD44-ACABA8912381} = {254C6F00-6DE5-44A6-AD44-ACABA8912381}
	EndProjectSection
EndProject
Project("{8BC9CEB8-8B4A-11D0-8D11-00A0C91BC942}") = "libyrtp", "libyrtp.vcproj", "{C99A3794-EAF8-4D99-A09B-595ED0F00206}"
	ProjectSection(ProjectDependencies) = postProject
		{254C6F00-6DE5-44A6-AD44-ACABA8912381} = {254C6F00-6DE5-44A6-AD44-ACABA8912381}
	EndProjectSection
EndProject
Project("{8BC9CEB8-8B4A-11D0-8D11-00A0C91BC942}") = "libysip", "libysip.vcproj", "{88B0C2FB-F813-4C85-BCE3-1629A2F8FE09}"
	ProjectSection(ProjectDependencies) = postProject
		{254C6F00-6DE5-44A6-AD44-ACABA8912381} = {254C6F00-6DE5-44A6-AD44-ACABA8912381}
	EndProjectSection
EndProject
Project("{8BC9CEB8-8B4A-11D0-8D11-00A0C91BC942}") = "libysig", "libysig.vcproj", "{496A2084-FFED-4F73-8C85-170042A34F38}"
	ProjectSection(ProjectDependencies) = postProject
		{254C6F00-6DE5-44A6-AD44-ACABA8912381} = {254C6F00-6DE5-44A6-AD44-ACABA8912381}
	EndProjectSection
EndProject
Project("{8BC9CEB8-8B4A-11D0-8D11-00A0C91BC942}") = "libyxml", "libyxml.vcproj", "{E351C8F9-20A7-4363-909C-1A06E9BEAA6B}"
	ProjectSection(ProjectDependencies) = postProject
		{254C6F00-6DE5-44A6-AD44-ACABA8912381} = {254C6F00-6DE5-44A6-AD44-ACABA8912381}
	EndProjectSection
EndProject
Project("{8BC9CEB8-8B4A-11D0-8D11-00A0C91BC942}") = "_ysigchan", "_ysigchan.vcproj", "{14D976D9-76B8-48D3-8312-4539D4B610BC}"
	ProjectSection(ProjectDependencies) = postProject
		{496A2084-FFED-4F73-8C85-170042A34F38} = {496A2084-FFED-4F73-8C85-170042A34F38}
		{254C6F00-6DE5-44A6-AD44-ACABA8912381} = {254C6F00-6DE5-44A6-AD44-ACABA8912381}
	EndProjectSection
EndProject
Project("{8BC9CEB8-8B4A-11D0-8D11-00A0C91BC942}") = "_analog", "_analog.vcproj", "{13C976D9-7674-32D3-6612-4B89D4B610BC}"
	ProjectSection(ProjectDependencies) = postProject
		{254C6F00-6DE5-44A6-AD44-ACABA8912381} = {254C6F00-6DE5-44A6-AD44-ACABA8912381}
		{496A2084-FFED-4F73-8C85-170042A34F38} = {496A2084-FFED-4F73-8C85-170042A34F38}
	EndProjectSection
EndProject
Global
	GlobalSection(SolutionConfigurationPlatforms) = preSolution
		Debug|Win32 = Debug|Win32
		Release|Win32 = Release|Win32
	EndGlobalSection
	GlobalSection(ProjectConfigurationPlatforms) = postSolution
		{376997F9-057A-47C0-AE1C-4ED2A6FC1E64}.Debug|Win32.ActiveCfg = Debug|Win32
		{376997F9-057A-47C0-AE1C-4ED2A6FC1E64}.Debug|Win32.Build.0 = Debug|Win32
		{376997F9-057A-47C0-AE1C-4ED2A6FC1E64}.Release|Win32.ActiveCfg = Release|Win32
		{376997F9-057A-47C0-AE1C-4ED2A6FC1E64}.Release|Win32.Build.0 = Release|Win32
		{F165A72F-E9AE-4804-BD90-81720AC05449}.Debug|Win32.ActiveCfg = Debug|Win32
		{F165A72F-E9AE-4804-BD90-81720AC05449}.Debug|Win32.Build.0 = Debug|Win32
		{F165A72F-E9AE-4804-BD90-81720AC05449}.Release|Win32.ActiveCfg = Release|Win32
		{F165A72F-E9AE-4804-BD90-81720AC05449}.Release|Win32.Build.0 = Release|Win32
		{0CB4DEF1-6046-46DC-9739-A3F47C456665}.Debug|Win32.ActiveCfg = Debug|Win32
		{0CB4DEF1-6046-46DC-9739-A3F47C456665}.Debug|Win32.Build.0 = Debug|Win32
		{0CB4DEF1-6046-46DC-9739-A3F47C456665}.Release|Win32.ActiveCfg = Release|Win32
		{0CB4DEF1-6046-46DC-9739-A3F47C456665}.Release|Win32.Build.0 = Release|Win32
		{B1E0D82A-DB84-4D66-A30D-D028D96D8315}.Debug|Win32.ActiveCfg = Debug|Win32
		{B1E0D82A-DB84-4D66-A30D-D028D96D8315}.Debug|Win32.Build.0 = Debug|Win32
		{B1E0D82A-DB84-4D66-A30D-D028D96D8315}.Release|Win32.ActiveCfg = Release|Win32
		{B1E0D82A-DB84-4D66-A30D-D028D96D8315}.Release|Win32.Build.0 = Release|Win32
		{E91BA1B2-C7C3-4DF1-9560-44C8077CFD5F}.Debug|Win32.ActiveCfg = Debug|Win32
		{E91BA1B2-C7C3-4DF1-9560-44C8077CFD5F}.Debug|Win32.Build.0 = Debug|Win32
		{E91BA1B2-C7C3-4DF1-9560-44C8077CFD5F}.Release|Win32.ActiveCfg = Release|Win32
		{E91BA1B2-C7C3-4DF1-9560-44C8077CFD5F}.Release|Win32.Build.0 = Release|Win32
		{ECEB56ED-84C3-4136-8314-16C0EBAA945C}.Debug|Win32.ActiveCfg = Debug|Win32
		{ECEB56ED-84C3-4136-8314-16C0EBAA945C}.Debug|Win32.Build.0 = Debug|Win32
		{ECEB56ED-84C3-4136-8314-16C0EBAA945C}.Release|Win32.ActiveCfg = Release|Win32
		{ECEB56ED-84C3-4136-8314-16C0EBAA945C}.Release|Win32.Build.0 = Release|Win32
		{254C6F00-6DE5-44A6-AD44-ACABA8912381}.Debug|Win32.ActiveCfg = Debug|Win32
		{254C6F00-6DE5-44A6-AD44-ACABA8912381}.Debug|Win32.Build.0 = Debug|Win32
		{254C6F00-6DE5-44A6-AD44-ACABA8912381}.Release|Win32.ActiveCfg = Release|Win32
		{254C6F00-6DE5-44A6-AD44-ACABA8912381}.Release|Win32.Build.0 = Release|Win32
		{BE362993-354F-4315-B878-05E952E1D164}.Debug|Win32.ActiveCfg = Debug|Win32
		{BE362993-354F-4315-B878-05E952E1D164}.Debug|Win32.Build.0 = Debug|Win32
		{BE362993-354F-4315-B878-05E952E1D164}.Release|Win32.ActiveCfg = Release|Win32
		{BE362993-354F-4315-B878-05E952E1D164}.Release|Win32.Build.0 = Release|Win32
		{B1015F66-0C3D-43DA-8329-15FB43D2F74B}.Debug|Win32.ActiveCfg = Debug|Win32
		{B1015F66-0C3D-43DA-8329-15FB43D2F74B}.Debug|Win32.Build.0 = Debug|Win32
		{B1015F66-0C3D-43DA-8329-15FB43D2F74B}.Release|Win32.ActiveCfg = Release|Win32
		{B1015F66-0C3D-43DA-8329-15FB43D2F74B}.Release|Win32.Build.0 = Release|Win32
		{CF9A3DF9-4CD7-4C42-8A6D-3369953BB503}.Debug|Win32.ActiveCfg = Debug|Win32
		{CF9A3DF9-4CD7-4C42-8A6D-3369953BB503}.Debug|Win32.Build.0 = Debug|Win32
		{CF9A3DF9-4CD7-4C42-8A6D-3369953BB503}.Release|Win32.ActiveCfg = Release|Win32
		{CF9A3DF9-4CD7-4C42-8A6D-3369953BB503}.Release|Win32.Build.0 = Release|Win32
		{DD6B8D9A-4BBF-4C48-81E5-7A2910B12395}.Debug|Win32.ActiveCfg = Debug|Win32
		{DD6B8D9A-4BBF-4C48-81E5-7A2910B12395}.Debug|Win32.Build.0 = Debug|Win32
		{DD6B8D9A-4BBF-4C48-81E5-7A2910B12395}.Release|Win32.ActiveCfg = Release|Win32
		{DD6B8D9A-4BBF-4C48-81E5-7A2910B12395}.Release|Win32.Build.0 = Release|Win32
		{AA54CD1D-E1E1-4A00-9974-EE6924D85DBD}.Debug|Win32.ActiveCfg = Debug|Win32
		{AA54CD1D-E1E1-4A00-9974-EE6924D85DBD}.Debug|Win32.Build.0 = Debug|Win32
		{AA54CD1D-E1E1-4A00-9974-EE6924D85DBD}.Release|Win32.ActiveCfg = Release|Win32
		{AA54CD1D-E1E1-4A00-9974-EE6924D85DBD}.Release|Win32.Build.0 = Release|Win32
		{F411C93D-FAD5-471C-9F6E-7CCE66DFCBFC}.Debug|Win32.ActiveCfg = Debug|Win32
		{F411C93D-FAD5-471C-9F6E-7CCE66DFCBFC}.Debug|Win32.Build.0 = Debug|Win32
		{F411C93D-FAD5-471C-9F6E-7CCE66DFCBFC}.Release|Win32.ActiveCfg = Release|Win32
		{F411C93D-FAD5-471C-9F6E-7CCE66DFCBFC}.Release|Win32.Build.0 = Release|Win32
		{5F4005AA-CB7F-47C8-8598-726F5C506964}.Debug|Win32.ActiveCfg = Debug|Win32
		{5F4005AA-CB7F-47C8-8598-726F5C506964}.Debug|Win32.Build.0 = Debug|Win32
		{5F4005AA-CB7F-47C8-8598-726F5C506964}.Release|Win32.ActiveCfg = Release|Win32
		{5F4005AA-CB7F-47C8-8598-726F5C506964}.Release|Win32.Build.0 = Release|Win32
		{BA27419A-2595-49D6-B363-492B1180E885}.Debug|Win32.ActiveCfg = Debug|Win32
		{BA27419A-2595-49D6-B363-492B1180E885}.Debug|Win32.Build.0 = Debug|Win32
		{BA27419A-2595-49D6-B363-492B1180E885}.Release|Win32.ActiveCfg = Release|Win32
		{BA27419A-2595-49D6-B363-492B1180E885}.Release|Win32.Build.0 = Release|Win32
		{42B76F17-895F-4B1C-B783-7AAC92AFD56E}.Debug|Win32.ActiveCfg = Debug|Win32
		{42B76F17-895F-4B1C-B783-7AAC92AFD56E}.Debug|Win32.Build.0 = Debug|Win32
		{42B76F17-895F-4B1C-B783-7AAC92AFD56E}.Release|Win32.ActiveCfg = Release|Win32
		{42B76F17-895F-4B1C-B783-7AAC92AFD56E}.Release|Win32.Build.0 = Release|Win32
		{E8EE0F54-0D2B-48FF-B2AF-6E268442A4D1}.Debug|Win32.ActiveCfg = Debug|Win32
		{E8EE0F54-0D2B-48FF-B2AF-6E268442A4D1}.Debug|Win32.Build.0 = Debug|Win32
		{E8EE0F54-0D2B-48FF-B2AF-6E268442A4D1}.Release|Win32.ActiveCfg = Release|Win32
		{E8EE0F54-0D2B-48FF-B2AF-6E268442A4D1}.Release|Win32.Build.0 = Release|Win32
		{39A36BD8-0028-42F7-8D23-181D9ED9A92E}.Debug|Win32.ActiveCfg = Debug|Win32
		{39A36BD8-0028-42F7-8D23-181D9ED9A92E}.Debug|Win32.Build.0 = Debug|Win32
		{39A36BD8-0028-42F7-8D23-181D9ED9A92E}.Release|Win32.ActiveCfg = Release|Win32
		{39A36BD8-0028-42F7-8D23-181D9ED9A92E}.Release|Win32.Build.0 = Release|Win32
		{F9AD69D6-58FE-4FED-B974-400BAA6BF0E6}.Debug|Win32.ActiveCfg = Debug|Win32
		{F9AD69D6-58FE-4FED-B974-400BAA6BF0E6}.Debug|Win32.Build.0 = Debug|Win32
		{F9AD69D6-58FE-4FED-B974-400BAA6BF0E6}.Release|Win32.ActiveCfg = Release|Win32
		{F9AD69D6-58FE-4FED-B974-400BAA6BF0E6}.Release|Win32.Build.0 = Release|Win32
		{A9CA94EB-27BA-46FA-A585-94D36706C4D7}.Debug|Win32.ActiveCfg = Debug|Win32
		{A9CA94EB-27BA-46FA-A585-94D36706C4D7}.Debug|Win32.Build.0 = Debug|Win32
		{A9CA94EB-27BA-46FA-A585-94D36706C4D7}.Release|Win32.ActiveCfg = Release|Win32
		{A9CA94EB-27BA-46FA-A585-94D36706C4D7}.Release|Win32.Build.0 = Release|Win32
		{34AC2018-91F1-41AF-A839-47DCF27D4434}.Debug|Win32.ActiveCfg = Debug|Win32
		{34AC2018-91F1-41AF-A839-47DCF27D4434}.Debug|Win32.Build.0 = Debug|Win32
		{34AC2018-91F1-41AF-A839-47DCF27D4434}.Release|Win32.ActiveCfg = Release|Win32
		{34AC2018-91F1-41AF-A839-47DCF27D4434}.Release|Win32.Build.0 = Release|Win32
		{130EC95B-8851-4946-B0B5-6091CE3EFB00}.Debug|Win32.ActiveCfg = Debug|Win32
		{130EC95B-8851-4946-B0B5-6091CE3EFB00}.Debug|Win32.Build.0 = Debug|Win32
		{130EC95B-8851-4946-B0B5-6091CE3EFB00}.Release|Win32.ActiveCfg = Release|Win32
		{130EC95B-8851-4946-B0B5-6091CE3EFB00}.Release|Win32.Build.0 = Release|Win32
		{8CF9A752-8606-4819-99D8-CE3C4E744F85}.Debug|Win32.ActiveCfg = Debug|Win32
		{8CF9A752-8606-4819-99D8-CE3C4E744F85}.Debug|Win32.Build.0 = Debug|Win32
		{8CF9A752-8606-4819-99D8-CE3C4E744F85}.Release|Win32.ActiveCfg = Release|Win32
		{8CF9A752-8606-4819-99D8-CE3C4E744F85}.Release|Win32.Build.0 = Release|Win32
		{DC897705-0065-4FA0-B1C2-5A3E75240A95}.Debug|Win32.ActiveCfg = Debug|Win32
		{DC897705-0065-4FA0-B1C2-5A3E75240A95}.Debug|Win32.Build.0 = Debug|Win32
		{DC897705-0065-4FA0-B1C2-5A3E75240A95}.Release|Win32.ActiveCfg = Release|Win32
		{DC897705-0065-4FA0-B1C2-5A3E75240A95}.Release|Win32.Build.0 = Release|Win32
		{4490F42E-C4AE-4776-AE4D-490CABA6316E}.Debug|Win32.ActiveCfg = Debug|Win32
		{4490F42E-C4AE-4776-AE4D-490CABA6316E}.Debug|Win32.Build.0 = Debug|Win32
		{4490F42E-C4AE-4776-AE4D-490CABA6316E}.Release|Win32.ActiveCfg = Release|Win32
		{4490F42E-C4AE-4776-AE4D-490CABA6316E}.Release|Win32.Build.0 = Release|Win32
		{F85C5686-5E6E-490E-99F7-6B8E1776CF71}.Debug|Win32.ActiveCfg = Debug|Win32
		{F85C5686-5E6E-490E-99F7-6B8E1776CF71}.Debug|Win32.Build.0 = Debug|Win32
		{F85C5686-5E6E-490E-99F7-6B8E1776CF71}.Release|Win32.ActiveCfg = Release|Win32
		{F85C5686-5E6E-490E-99F7-6B8E1776CF71}.Release|Win32.Build.0 = Release|Win32
		{2358F303-8EF4-404A-80C8-6E1826B2D423}.Debug|Win32.ActiveCfg = Debug|Win32
		{2358F303-8EF4-404A-80C8-6E1826B2D423}.Debug|Win32.Build.0 = Debug|Win32
		{2358F303-8EF4-404A-80C8-6E1826B2D423}.Release|Win32.ActiveCfg = Release|Win32
		{2358F303-8EF4-404A-80C8-6E1826B2D423}.Release|Win32.Build.0 = Release|Win32
		{5F248A16-8E3D-497A-8E68-F9E08971F583}.Debug|Win32.ActiveCfg = Debug|Win32
		{5F248A16-8E3D-497A-8E68-F9E08971F583}.Debug|Win32.Build.0 = Debug|Win32
		{5F248A16-8E3D-497A-8E68-F9E08971F583}.Release|Win32.ActiveCfg = Release|Win32
		{5F248A16-8E3D-497A-8E68-F9E08971F583}.Release|Win32.Build.0 = Release|Win32
		{06121688-9DC7-4032-B366-9862CDE6D313}.Debug|Win32.ActiveCfg = Debug|Win32
		{06121688-9DC7-4032-B366-9862CDE6D313}.Debug|Win32.Build.0 = Debug|Win32
		{06121688-9DC7-4032-B366-9862CDE6D313}.Release|Win32.ActiveCfg = Release|Win32
		{06121688-9DC7-4032-B366-9862CDE6D313}.Release|Win32.Build.0 = Release|Win32
		{5E489550-A745-4A24-BBC4-FD4BE5333865}.Debug|Win32.ActiveCfg = Debug|Win32
		{5E489550-A745-4A24-BBC4-FD4BE5333865}.Debug|Win32.Build.0 = Debug|Win32
		{5E489550-A745-4A24-BBC4-FD4BE5333865}.Release|Win32.ActiveCfg = Release|Win32
		{5E489550-A745-4A24-BBC4-FD4BE5333865}.Release|Win32.Build.0 = Release|Win32
		{A9670DE2-5B1D-403C-9225-75135605C790}.Debug|Win32.ActiveCfg = Debug|Win32
		{A9670DE2-5B1D-403C-9225-75135605C790}.Debug|Win32.Build.0 = Debug|Win32
		{A9670DE2-5B1D-403C-9225-75135605C790}.Release|Win32.ActiveCfg = Release|Win32
		{A9670DE2-5B1D-403C-9225-75135605C790}.Release|Win32.Build.0 = Release|Win32
		{88C1CCEC-C1AF-4888-A4A1-C0798EDB3947}.Debug|Win32.ActiveCfg = Debug|Win32
		{88C1CCEC-C1AF-4888-A4A1-C0798EDB3947}.Debug|Win32.Build.0 = Debug|Win32
		{88C1CCEC-C1AF-4888-A4A1-C0798EDB3947}.Release|Win32.ActiveCfg = Release|Win32
		{88C1CCEC-C1AF-4888-A4A1-C0798EDB3947}.Release|Win32.Build.0 = Release|Win32
		{253846DF-22F7-44BD-ADFB-EE162C193637}.Debug|Win32.ActiveCfg = Debug|Win32
		{253846DF-22F7-44BD-ADFB-EE162C193637}.Debug|Win32.Build.0 = Debug|Win32
		{253846DF-22F7-44BD-ADFB-EE162C193637}.Release|Win32.ActiveCfg = Release|Win32
		{253846DF-22F7-44BD-ADFB-EE162C193637}.Release|Win32.Build.0 = Release|Win32
		{125E8721-4B2C-4544-9EE5-8B16883662BE}.Debug|Win32.ActiveCfg = Debug|Win32
		{125E8721-4B2C-4544-9EE5-8B16883662BE}.Debug|Win32.Build.0 = Debug|Win32
		{125E8721-4B2C-4544-9EE5-8B16883662BE}.Release|Win32.ActiveCfg = Release|Win32
		{125E8721-4B2C-4544-9EE5-8B16883662BE}.Release|Win32.Build.0 = Release|Win32
		{E476FF31-5429-470F-928C-491D09FB4C3F}.Debug|Win32.ActiveCfg = Debug|Win32
		{E476FF31-5429-470F-928C-491D09FB4C3F}.Debug|Win32.Build.0 = Debug|Win32
		{E476FF31-5429-470F-928C-491D09FB4C3F}.Release|Win32.ActiveCfg = Release|Win32
		{E476FF31-5429-470F-928C-491D09FB4C3F}.Release|Win32.Build.0 = Release|Win32
		{879C9A23-1081-4630-9509-9F0890B70CED}.Debug|Win32.ActiveCfg = Debug|Win32
		{879C9A23-1081-4630-9509-9F0890B70CED}.Debug|Win32.Build.0 = Debug|Win32
		{879C9A23-1081-4630-9509-9F0890B70CED}.Release|Win32.ActiveCfg = Release|Win32
		{879C9A23-1081-4630-9509-9F0890B70CED}.Release|Win32.Build.0 = Release|Win32
		{CF38A7D1-219E-4787-9E98-14693C08D588}.Debug|Win32.ActiveCfg = Debug|Win32
		{CF38A7D1-219E-4787-9E98-14693C08D588}.Debug|Win32.Build.0 = Debug|Win32
		{CF38A7D1-219E-4787-9E98-14693C08D588}.Release|Win32.ActiveCfg = Release|Win32
		{CF38A7D1-219E-4787-9E98-14693C08D588}.Release|Win32.Build.0 = Release|Win32
		{889C65FD-CBA9-4E88-B380-DE2640A140A7}.Debug|Win32.ActiveCfg = Debug|Win32
		{889C65FD-CBA9-4E88-B380-DE2640A140A7}.Debug|Win32.Build.0 = Debug|Win32
		{889C65FD-CBA9-4E88-B380-DE2640A140A7}.Release|Win32.ActiveCfg = Release|Win32
		{889C65FD-CBA9-4E88-B380-DE2640A140A7}.Release|Win32.Build.0 = Release|Win32
		{C296BBF2-AD56-4249-AEF6-C04B03131474}.Debug|Win32.ActiveCfg = Debug|Win32
		{C296BBF2-AD56-4249-AEF6-C04B03131474}.Debug|Win32.Build.0 = Debug|Win32
		{C296BBF2-AD56-4249-AEF6-C04B03131474}.Release|Win32.ActiveCfg = Release|Win32
		{C296BBF2-AD56-4249-AEF6-C04B03131474}.Release|Win32.Build.0 = Release|Win32
		{6E6F6DC8-4B8F-4237-9FEC-BE3BBF268558}.Debug|Win32.ActiveCfg = Debug|Win32
		{6E6F6DC8-4B8F-4237-9FEC-BE3BBF268558}.Debug|Win32.Build.0 = Debug|Win32
		{6E6F6DC8-4B8F-4237-9FEC-BE3BBF268558}.Release|Win32.ActiveCfg = Release|Win32
		{6E6F6DC8-4B8F-4237-9FEC-BE3BBF268558}.Release|Win32.Build.0 = Release|Win32
		{F00FDFE8-BCCE-4894-8414-91B47C11691C}.Debug|Win32.ActiveCfg = Debug|Win32
		{F00FDFE8-BCCE-4894-8414-91B47C11691C}.Debug|Win32.Build.0 = Debug|Win32
		{F00FDFE8-BCCE-4894-8414-91B47C11691C}.Release|Win32.ActiveCfg = Release|Win32
		{F00FDFE8-BCCE-4894-8414-91B47C11691C}.Release|Win32.Build.0 = Release|Win32
		{3EA5873D-E3FA-4CA4-B8BB-8FE4183652A1}.Debug|Win32.ActiveCfg = Debug|Win32
		{3EA5873D-E3FA-4CA4-B8BB-8FE4183652A1}.Debug|Win32.Build.0 = Debug|Win32
		{3EA5873D-E3FA-4CA4-B8BB-8FE4183652A1}.Release|Win32.ActiveCfg = Release|Win32
		{3EA5873D-E3FA-4CA4-B8BB-8FE4183652A1}.Release|Win32.Build.0 = Release|Win32
		{2C0F6C29-318D-4FF6-82EE-49E6418F4C51}.Debug|Win32.ActiveCfg = Debug|Win32
		{2C0F6C29-318D-4FF6-82EE-49E6418F4C51}.Debug|Win32.Build.0 = Debug|Win32
		{2C0F6C29-318D-4FF6-82EE-49E6418F4C51}.Release|Win32.ActiveCfg = Release|Win32
		{2C0F6C29-318D-4FF6-82EE-49E6418F4C51}.Release|Win32.Build.0 = Release|Win32
		{11BDB689-6A50-48AC-9D2E-1DF68E53510C}.Debug|Win32.ActiveCfg = Debug|Win32
		{11BDB689-6A50-48AC-9D2E-1DF68E53510C}.Debug|Win32.Build.0 = Debug|Win32
		{11BDB689-6A50-48AC-9D2E-1DF68E53510C}.Release|Win32.ActiveCfg = Release|Win32
		{11BDB689-6A50-48AC-9D2E-1DF68E53510C}.Release|Win32.Build.0 = Release|Win32
		{A6E6D5DF-8C1B-4859-95E7-084467D8E812}.Debug|Win32.ActiveCfg = Debug|Win32
		{A6E6D5DF-8C1B-4859-95E7-084467D8E812}.Debug|Win32.Build.0 = Debug|Win32
		{A6E6D5DF-8C1B-4859-95E7-084467D8E812}.Release|Win32.ActiveCfg = Release|Win32
		{A6E6D5DF-8C1B-4859-95E7-084467D8E812}.Release|Win32.Build.0 = Release|Win32
		{8B67BE6A-B42B-47CA-8188-99A890786A3A}.Debug|Win32.ActiveCfg = Debug|Win32
		{8B67BE6A-B42B-47CA-8188-99A890786A3A}.Debug|Win32.Build.0 = Debug|Win32
		{8B67BE6A-B42B-47CA-8188-99A890786A3A}.Release|Win32.ActiveCfg = Release|Win32
		{8B67BE6A-B42B-47CA-8188-99A890786A3A}.Release|Win32.Build.0 = Release|Win32
		{14D986D9-75A8-48D3-8412-4536A4B610BC}.Debug|Win32.ActiveCfg = Debug|Win32
		{14D986D9-75A8-48D3-8412-4536A4B610BC}.Debug|Win32.Build.0 = Debug|Win32
		{14D986D9-75A8-48D3-8412-4536A4B610BC}.Release|Win32.ActiveCfg = Release|Win32
		{14D986D9-75A8-48D3-8412-4536A4B610BC}.Release|Win32.Build.0 = Release|Win32
		{799C2C3A-9AA1-41C0-BD24-B35D83A564E2}.Debug|Win32.ActiveCfg = Debug|Win32
		{799C2C3A-9AA1-41C0-BD24-B35D83A564E2}.Debug|Win32.Build.0 = Debug|Win32
		{799C2C3A-9AA1-41C0-BD24-B35D83A564E2}.Release|Win32.ActiveCfg = Release|Win32
		{799C2C3A-9AA1-41C0-BD24-B35D83A564E2}.Release|Win32.Build.0 = Release|Win32
		{67CD1DCE-38FA-4705-BD7D-D7717C8CE93D}.Debug|Win32.ActiveCfg = Debug|Win32
		{67CD1DCE-38FA-4705-BD7D-D7717C8CE93D}.Debug|Win32.Build.0 = Debug|Win32
		{67CD1DCE-38FA-4705-BD7D-D7717C8CE93D}.Release|Win32.ActiveCfg = Release|Win32
		{67CD1DCE-38FA-4705-BD7D-D7717C8CE93D}.Release|Win32.Build.0 = Release|Win32
		{554E2C8A-41AE-46F4-AB70-06C676CEB2D0}.Debug|Win32.ActiveCfg = Debug|Win32
		{554E2C8A-41AE-46F4-AB70-06C676CEB2D0}.Debug|Win32.Build.0 = Debug|Win32
		{554E2C8A-41AE-46F4-AB70-06C676CEB2D0}.Release|Win32.ActiveCfg = Release|Win32
		{554E2C8A-41AE-46F4-AB70-06C676CEB2D0}.Release|Win32.Build.0 = Release|Win32
		{33730274-2D2F-47A5-94C9-FABEE8266AFC}.Debug|Win32.ActiveCfg = Debug|Win32
		{33730274-2D2F-47A5-94C9-FABEE8266AFC}.Debug|Win32.Build.0 = Debug|Win32
		{33730274-2D2F-47A5-94C9-FABEE8266AFC}.Release|Win32.ActiveCfg = Release|Win32
		{33730274-2D2F-47A5-94C9-FABEE8266AFC}.Release|Win32.Build.0 = Release|Win32
		{5F8F10EB-CA69-4013-8820-33BF562885EE}.Debug|Win32.ActiveCfg = Debug|Win32
		{5F8F10EB-CA69-4013-8820-33BF562885EE}.Debug|Win32.Build.0 = Debug|Win32
		{5F8F10EB-CA69-4013-8820-33BF562885EE}.Release|Win32.ActiveCfg = Release|Win32
		{5F8F10EB-CA69-4013-8820-33BF562885EE}.Release|Win32.Build.0 = Release|Win32
		{D01C44EA-8D3D-4F04-A833-BA0861E119A4}.Debug|Win32.ActiveCfg = Debug|Win32
		{D01C44EA-8D3D-4F04-A833-BA0861E119A4}.Debug|Win32.Build.0 = Debug|Win32
		{D01C44EA-8D3D-4F04-A833-BA0861E119A4}.Release|Win32.ActiveCfg = Release|Win32
		{D01C44EA-8D3D-4F04-A833-BA0861E119A4}.Release|Win32.Build.0 = Release|Win32
		{C99A3794-EAF8-4D99-A09B-595ED0F00206}.Debug|Win32.ActiveCfg = Debug|Win32
		{C99A3794-EAF8-4D99-A09B-595ED0F00206}.Debug|Win32.Build.0 = Debug|Win32
		{C99A3794-EAF8-4D99-A09B-595ED0F00206}.Release|Win32.ActiveCfg = Release|Win32
		{C99A3794-EAF8-4D99-A09B-595ED0F00206}.Release|Win32.Build.0 = Release|Win32
		{88B0C2FB-F813-4C85-BCE3-1629A2F8FE09}.Debug|Win32.ActiveCfg = Debug|Win32
		{88B0C2FB-F813-4C85-BCE3-1629A2F8FE09}.Debug|Win32.Build.0 = Debug|Win32
		{88B0C2FB-F813-4C85-BCE3-1629A2F8FE09}.Release|Win32.ActiveCfg = Release|Win32
		{88B0C2FB-F813-4C85-BCE3-1629A2F8FE09}.Release|Win32.Build.0 = Release|Win32
		{496A2084-FFED-4F73-8C85-170042A34F38}.Debug|Win32.ActiveCfg = Debug|Win32
		{496A2084-FFED-4F73-8C85-170042A34F38}.Debug|Win32.Build.0 = Debug|Win32
		{496A2084-FFED-4F73-8C85-170042A34F38}.Release|Win32.ActiveCfg = Release|Win32
		{496A2084-FFED-4F73-8C85-170042A34F38}.Release|Win32.Build.0 = Release|Win32
		{E351C8F9-20A7-4363-909C-1A06E9BEAA6B}.Debug|Win32.ActiveCfg = Debug|Win32
		{E351C8F9-20A7-4363-909C-1A06E9BEAA6B}.Debug|Win32.Build.0 = Debug|Win32
		{E351C8F9-20A7-4363-909C-1A06E9BEAA6B}.Release|Win32.ActiveCfg = Release|Win32
		{E351C8F9-20A7-4363-909C-1A06E9BEAA6B}.Release|Win32.Build.0 = Release|Win32
		{14D976D9-76B8-48D3-8312-4539D4B610BC}.Debug|Win32.ActiveCfg = Debug|Win32
		{14D976D9-76B8-48D3-8312-4539D4B610BC}.Debug|Win32.Build.0 = Debug|Win32
		{14D976D9-76B8-48D3-8312-4539D4B610BC}.Release|Win32.ActiveCfg = Release|Win32
		{14D976D9-76B8-48D3-8312-4539D4B610BC}.Release|Win32.Build.0 = Release|Win32
		{13C976D9-7674-32D3-6612-4B89D4B610BC}.Debug|Win32.ActiveCfg = Debug|Win32
		{13C976D9-7674-32D3-6612-4B89D4B610BC}.Debug|Win32.Build.0 = Debug|Win32
		{13C976D9-7674-32D3-6612-4B89D4B610BC}.Release|Win32.ActiveCfg = Release|Win32
		{13C976D9-7674-32D3-6612-4B89D4B610BC}.Release|Win32.Build.0 = Release|Win32
	EndGlobalSection
	GlobalSection(SolutionProperties) = preSolution
		HideSolutionNode = FALSE
	EndGlobalSection
EndGlobal
