
Microsoft Visual Studio Solution File, Format Version 9.00
# Visual C++ Express 2005
Project("{8BC9CEB8-8B4A-11D0-8D11-00A0C91BC942}") = "Client", "Client.vcproj", "{376997F9-057A-47C0-AE1C-4ED2A6FC1E64}"
	ProjectSection(ProjectDependencies) = postProject
		{254C6F00-6DE5-44A6-AD44-ACABA8912381} = {254C6F00-6DE5-44A6-AD44-ACABA8912381}
	EndProjectSection
EndProject
Project("{8BC9CEB8-8B4A-11D0-8D11-00A0C91BC942}") = "Console", "Console.vcproj", "{F165A72F-E9AE-4804-BD90-81720AC05449}"
	ProjectSection(ProjectDependencies) = postProject
		{254C6F00-6DE5-44A6-AD44-ACABA8912381} = {254C6F00-6DE5-44A6-AD44-ACABA8912381}
	EndProjectSection
EndProject
Project("{8BC9CEB8-8B4A-11D0-8D11-00A0C91BC942}") = "Extra", "Extra.vcproj", "{B1E0D82A-DB84-4D66-A30D-D028D96D8315}"
	ProjectSection(ProjectDependencies) = postProject
		{889C65FD-CBA9-4E88-B380-DE2640A140A7} = {889C65FD-CBA9-4E88-B380-DE2640A140A7}
		{AB81DDE2-2AE9-C12C-9FAC-753E10B5C790} = {AB81DDE2-2AE9-C12C-9FAC-753E10B5C790}
		{AB883DE2-2AE9-C12C-9F34-753E10B5C790} = {AB883DE2-2AE9-C12C-9F34-753E10B5C790}
		{A9670DE2-5B1D-403C-9225-75135605C790} = {A9670DE2-5B1D-403C-9225-75135605C790}
		{E91387A2-D00D-6BF1-A230-44C8070A985F} = {E91387A2-D00D-6BF1-A230-44C8070A985F}
		{7E21A792-7D06-4239-3AE8-CE110C644F85} = {7E21A792-7D06-4239-3AE8-CE110C644F85}
		{8CF9A752-8606-4819-99D8-CE3C4E744F85} = {8CF9A752-8606-4819-99D8-CE3C4E744F85}
		{4858B743-85F4-914A-70C8-6EE226B2D423} = {4858B743-85F4-914A-70C8-6EE226B2D423}
		{3EA5873D-E3FA-4CA4-B8BB-8FE4183652A1} = {3EA5873D-E3FA-4CA4-B8BB-8FE4183652A1}
		{7E8CAE11-0729-4E65-9BE8-8C4D7D11839D} = {7E8CAE11-0729-4E65-9BE8-8C4D7D11839D}
		{DC897705-0065-4FA0-B1C2-5A3E75240A95} = {DC897705-0065-4FA0-B1C2-5A3E75240A95}
		{2358F303-8EF4-404A-80C8-6E1826B2D423} = {2358F303-8EF4-404A-80C8-6E1826B2D423}
	EndProjectSection
EndProject
Project("{8BC9CEB8-8B4A-11D0-8D11-00A0C91BC942}") = "Libyate", "Libyate.vcproj", "{254C6F00-6DE5-44A6-AD44-ACABA8912381}"
	ProjectSection(ProjectDependencies) = postProject
		{554E2C8A-41AE-46F4-AB70-06C676CEB2D0} = {554E2C8A-41AE-46F4-AB70-06C676CEB2D0}
	EndProjectSection
EndProject
Project("{8BC9CEB8-8B4A-11D0-8D11-00A0C91BC942}") = "Modules", "Modules.vcproj", "{BE362993-354F-4315-B878-05E952E1D164}"
	ProjectSection(ProjectDependencies) = postProject
		{8C7E6907-5ACC-4143-B502-D610E5EB619B} = {8C7E6907-5ACC-4143-B502-D610E5EB619B}
		{AA54CD22-E1E1-4A00-1374-EE6959D85DBE} = {AA54CD22-E1E1-4A00-1374-EE6959D85DBE}
		{04DFB3FD-048D-4841-94DD-B78005800E59} = {04DFB3FD-048D-4841-94DD-B78005800E59}
		{C296BBF2-AD56-4249-AEF6-C04B03131474} = {C296BBF2-AD56-4249-AEF6-C04B03131474}
		{2BA805ED-19D3-4100-BC32-2AD05C9977A7} = {2BA805ED-19D3-4100-BC32-2AD05C9977A7}
		{88C1CCEC-C1AF-4888-A4A1-C0798EDB3947} = {88C1CCEC-C1AF-4888-A4A1-C0798EDB3947}
		{A9CA94EB-27BA-46FA-A585-94D36706C4D7} = {A9CA94EB-27BA-46FA-A585-94D36706C4D7}
		{F00FDFE8-BCCE-4894-8414-91B47C11691C} = {F00FDFE8-BCCE-4894-8414-91B47C11691C}
		{F08AB2E8-BCA0-3F54-1234-91B45A30441C} = {F08AB2E8-BCA0-3F54-1234-91B45A30441C}
		{F08942E8-BCA0-4F54-C234-91B47C10441C} = {F08942E8-BCA0-4F54-C234-91B47C10441C}
		{A6E6D5DF-8C1B-4859-95E7-084467D8E812} = {A6E6D5DF-8C1B-4859-95E7-084467D8E812}
		{253846DF-22F7-44BD-ADFB-EE162C193637} = {253846DF-22F7-44BD-ADFB-EE162C193637}
		{715276DA-C422-9983-5C31-8DE434B610BC} = {715276DA-C422-9983-5C31-8DE434B610BC}
		{715210DA-373F-89D2-577E-8DE41AA610BC} = {715210DA-373F-89D2-577E-8DE41AA610BC}
		{14D9A3D9-76A3-48D3-8312-453A34B610A3} = {14D9A3D9-76A3-48D3-8312-453A34B610A3}
		{14D986D9-75A8-48D3-8412-4536A4B610BC} = {14D986D9-75A8-48D3-8412-4536A4B610BC}
		{14D976D9-76B8-48D3-8312-4539D4B610BC} = {14D976D9-76B8-48D3-8312-4539D4B610BC}
		{8AD176D9-C038-455F-C3A4-453D0AB610BC} = {8AD176D9-C038-455F-C3A4-453D0AB610BC}
		{13C976D9-7674-32D3-6612-4B89D4B610BC} = {13C976D9-7674-32D3-6612-4B89D4B610BC}
		{39A36BD8-0028-42F7-8D23-181D9ED9A92E} = {39A36BD8-0028-42F7-8D23-181D9ED9A92E}
		{F9AD69D6-58FE-4FED-B974-400BAA6BF0E6} = {F9AD69D6-58FE-4FED-B974-400BAA6BF0E6}
		{CF38A7D1-219E-4787-9E98-14693C08D588} = {CF38A7D1-219E-4787-9E98-14693C08D588}
		{56A805CD-59D3-41AE-8992-2A2F5C99DC67} = {56A805CD-59D3-41AE-8992-2A2F5C99DC67}
		{5F4005CD-2BA3-40C8-8348-726F5C99D964} = {5F4005CD-2BA3-40C8-8348-726F5C99D964}
		{6E6F6DC8-4B8F-4237-9FEC-BE3BBF268558} = {6E6F6DC8-4B8F-4237-9FEC-BE3BBF268558}
		{4371F4BE-3D23-479B-7F4D-492112A6986E} = {4371F4BE-3D23-479B-7F4D-492112A6986E}
		{88C1CABC-C1AF-4888-A4A1-C0798EDB3947} = {88C1CABC-C1AF-4888-A4A1-C0798EDB3947}
		{5F4005AA-CB7F-47C8-8598-726F5C506964} = {5F4005AA-CB7F-47C8-8598-726F5C506964}
		{2F410A9D-D671-4928-7ACF-7268AF39D934} = {2F410A9D-D671-4928-7ACF-7268AF39D934}
		{BA27419A-2595-49D6-B363-492B1180E885} = {BA27419A-2595-49D6-B363-492B1180E885}
		{2FDE1998-0EA0-417F-1232-285A51985792} = {2FDE1998-0EA0-417F-1232-285A51985792}
		{2FD20598-0ED3-4250-1F22-2670519857A7} = {2FD20598-0ED3-4250-1F22-2670519857A7}
		{11BDB689-6A50-48AC-9D2E-1DF68E53510C} = {11BDB689-6A50-48AC-9D2E-1DF68E53510C}
		{06121688-9DC7-4032-B366-9862CDE6D313} = {06121688-9DC7-4032-B366-9862CDE6D313}
		{F857E286-AA6E-43C1-98F7-6B811276CF71} = {F857E286-AA6E-43C1-98F7-6B811276CF71}
		{F85C5686-5E6E-490E-99F7-6B8E1776CF71} = {F85C5686-5E6E-490E-99F7-6B8E1776CF71}
		{2BA80F84-2AD3-4730-1AB2-2ABB5C9217A7} = {2BA80F84-2AD3-4730-1AB2-2ABB5C9217A7}
		{1254C781-292C-48F4-9CB6-93338721E89C} = {1254C781-292C-48F4-9CB6-93338721E89C}
		{8B67BE6A-B42B-47CA-8188-99A890786A3A} = {8B67BE6A-B42B-47CA-8188-99A890786A3A}
		{8B54AE6A-9F1B-4B88-20C8-9D7790786A3A} = {8B54AE6A-9F1B-4B88-20C8-9D7790786A3A}
		{130EC95B-8851-4946-B0B5-6091CE3EFB00} = {130EC95B-8851-4946-B0B5-6091CE3EFB00}
		{E8EE0F54-0D2B-48FF-B2AF-6E268442A4D1} = {E8EE0F54-0D2B-48FF-B2AF-6E268442A4D1}
		{5E4AF250-6E45-4D14-5AC4-FD4BEC31A065} = {5E4AF250-6E45-4D14-5AC4-FD4BEC31A065}
		{5E489550-A745-4A24-BBC4-FD4BE5333865} = {5E489550-A745-4A24-BBC4-FD4BE5333865}
		{4A89273F-B02E-4792-2A78-14331A18778A} = {4A89273F-B02E-4792-2A78-14331A18778A}
		{F411C93D-FAD5-471C-9F6E-7CCE66DFCBFC} = {F411C93D-FAD5-471C-9F6E-7CCE66DFCBFC}
		{799C2C3A-9AA1-41C0-BD24-B35D83A564E2} = {799C2C3A-9AA1-41C0-BD24-B35D83A564E2}
		{4A3E2C3A-58A1-41D4-B9B4-B35D83AC08E2} = {4A3E2C3A-58A1-41D4-B9B4-B35D83AC08E2}
		{92D97332-DA18-4923-A872-453442AD50BC} = {92D97332-DA18-4923-A872-453442AD50BC}
		{92D97332-5A18-4923-D872-4534427610BC} = {92D97332-5A18-4923-D872-4534427610BC}
		{E476FF31-5429-470F-928C-491D09FB4C3F} = {E476FF31-5429-470F-928C-491D09FB4C3F}
		{9F28A731-2E7E-9E22-719D-22FA2A18D588} = {9F28A731-2E7E-9E22-719D-22FA2A18D588}
		{4A8E7731-3F2E-17B2-0398-12292A18D588} = {4A8E7731-3F2E-17B2-0398-12292A18D588}
		{4490F42E-C4AE-4776-AE4D-490CABA6316E} = {4490F42E-C4AE-4776-AE4D-490CABA6316E}
		{4422F42E-A123-4776-AE4D-490D12A6316E} = {4422F42E-A123-4776-AE4D-490D12A6316E}
		{8AD10A2C-B76D-A35F-C105-4B3DF44810BC} = {8AD10A2C-B76D-A35F-C105-4B3DF44810BC}
		{2CA56C29-3A9D-4FF6-82EE-49E6AD4F4CF1} = {2CA56C29-3A9D-4FF6-82EE-49E6AD4F4CF1}
		{2C0F6C29-318D-4FF6-82EE-49E6418F4C51} = {2C0F6C29-318D-4FF6-82EE-49E6418F4C51}
		{879C9A23-1081-4630-9509-9F0890B70CED} = {879C9A23-1081-4630-9509-9F0890B70CED}
		{125E8721-4B2C-4544-9EE5-8B16883662BE} = {125E8721-4B2C-4544-9EE5-8B16883662BE}
		{AA54CD1D-E1E1-4A00-9974-EE6924D85DBD} = {AA54CD1D-E1E1-4A00-9974-EE6924D85DBD}
		{8721C91C-E1BB-4758-78A1-C0718EDFF940} = {8721C91C-E1BB-4758-78A1-C0718EDFF940}
		{34AC2018-91F1-41AF-A839-47DCF27D4434} = {34AC2018-91F1-41AF-A839-47DCF27D4434}
		{42B76F17-895F-4B1C-B783-7AAC92AFD56E} = {42B76F17-895F-4B1C-B783-7AAC92AFD56E}
		{43716F17-125F-4B1C-B783-7AAC92AA136E} = {43716F17-125F-4B1C-B783-7AAC92AA136E}
		{5F248A16-8E3D-497A-8E68-F9E08971F583} = {5F248A16-8E3D-497A-8E68-F9E08971F583}
		{8C7E6912-5ACC-4143-B502-D643E5AB619B} = {8C7E6912-5ACC-4143-B502-D643E5AB619B}
		{8A7E6912-5ACC-4F43-D502-D643E5AB6E34} = {8A7E6912-5ACC-4F43-D502-D643E5AB6E34}
		{812E6912-5ADC-4143-BAE2-D649E5AB669B} = {812E6912-5ADC-4143-BAE2-D649E5AB669B}
		{8A1E6012-5BCC-4143-B3D2-D643E2A5619B} = {8A1E6012-5BCC-4143-B3D2-D643E2A5619B}
	EndProjectSection
EndProject
Project("{8BC9CEB8-8B4A-11D0-8D11-00A0C91BC942}") = "Service", "Service.vcproj", "{B1015F66-0C3D-43DA-8329-15FB43D2F74B}"
	ProjectSection(ProjectDependencies) = postProject
		{254C6F00-6DE5-44A6-AD44-ACABA8912381} = {254C6F00-6DE5-44A6-AD44-ACABA8912381}
	EndProjectSection
EndProject
Project("{8BC9CEB8-8B4A-11D0-8D11-00A0C91BC942}") = "TestSS7", "TestSS7.vcproj", "{CF9A3DF9-4CD7-4C42-8A6D-3369953BB503}"
	ProjectSection(ProjectDependencies) = postProject
		{496A2084-FFED-4F73-8C85-170042A34F38} = {496A2084-FFED-4F73-8C85-170042A34F38}
		{254C6F00-6DE5-44A6-AD44-ACABA8912381} = {254C6F00-6DE5-44A6-AD44-ACABA8912381}
	EndProjectSection
EndProject
Project("{8BC9CEB8-8B4A-11D0-8D11-00A0C91BC942}") = "YATE", "YATE.vcproj", "{DD6B8D9A-4BBF-4C48-81E5-7A2910B12395}"
	ProjectSection(ProjectDependencies) = postProject
		{BE362993-354F-4315-B878-05E952E1D164} = {BE362993-354F-4315-B878-05E952E1D164}
		{B1015F66-0C3D-43DA-8329-15FB43D2F74B} = {B1015F66-0C3D-43DA-8329-15FB43D2F74B}
		{F165A72F-E9AE-4804-BD90-81720AC05449} = {F165A72F-E9AE-4804-BD90-81720AC05449}
		{254C6F00-6DE5-44A6-AD44-ACABA8912381} = {254C6F00-6DE5-44A6-AD44-ACABA8912381}
	EndProjectSection
EndProject
Project("{8BC9CEB8-8B4A-11D0-8D11-00A0C91BC942}") = "_accfile", "_accfile.vcproj", "{AA54CD1D-E1E1-4A00-9974-EE6924D85DBD}"
	ProjectSection(ProjectDependencies) = postProject
		{254C6F00-6DE5-44A6-AD44-ACABA8912381} = {254C6F00-6DE5-44A6-AD44-ACABA8912381}
	EndProjectSection
EndProject
Project("{8BC9CEB8-8B4A-11D0-8D11-00A0C91BC942}") = "_analyzer", "_analyzer.vcproj", "{F411C93D-FAD5-471C-9F6E-7CCE66DFCBFC}"
	ProjectSection(ProjectDependencies) = postProject
		{254C6F00-6DE5-44A6-AD44-ACABA8912381} = {254C6F00-6DE5-44A6-AD44-ACABA8912381}
	EndProjectSection
EndProject
Project("{8BC9CEB8-8B4A-11D0-8D11-00A0C91BC942}") = "_callfork", "_callfork.vcproj", "{5F4005AA-CB7F-47C8-8598-726F5C506964}"
	ProjectSection(ProjectDependencies) = postProject
		{254C6F00-6DE5-44A6-AD44-ACABA8912381} = {254C6F00-6DE5-44A6-AD44-ACABA8912381}
	EndProjectSection
EndProject
Project("{8BC9CEB8-8B4A-11D0-8D11-00A0C91BC942}") = "_callgen", "_callgen.vcproj", "{BA27419A-2595-49D6-B363-492B1180E885}"
	ProjectSection(ProjectDependencies) = postProject
		{254C6F00-6DE5-44A6-AD44-ACABA8912381} = {254C6F00-6DE5-44A6-AD44-ACABA8912381}
	EndProjectSection
EndProject
Project("{8BC9CEB8-8B4A-11D0-8D11-00A0C91BC942}") = "_cdrbuild", "_cdrbuild.vcproj", "{42B76F17-895F-4B1C-B783-7AAC92AFD56E}"
	ProjectSection(ProjectDependencies) = postProject
		{254C6F00-6DE5-44A6-AD44-ACABA8912381} = {254C6F00-6DE5-44A6-AD44-ACABA8912381}
	EndProjectSection
EndProject
Project("{8BC9CEB8-8B4A-11D0-8D11-00A0C91BC942}") = "_cdrfile", "_cdrfile.vcproj", "{E8EE0F54-0D2B-48FF-B2AF-6E268442A4D1}"
	ProjectSection(ProjectDependencies) = postProject
		{254C6F00-6DE5-44A6-AD44-ACABA8912381} = {254C6F00-6DE5-44A6-AD44-ACABA8912381}
	EndProjectSection
EndProject
Project("{8BC9CEB8-8B4A-11D0-8D11-00A0C91BC942}") = "_conference", "_conference.vcproj", "{39A36BD8-0028-42F7-8D23-181D9ED9A92E}"
	ProjectSection(ProjectDependencies) = postProject
		{254C6F00-6DE5-44A6-AD44-ACABA8912381} = {254C6F00-6DE5-44A6-AD44-ACABA8912381}
	EndProjectSection
EndProject
Project("{8BC9CEB8-8B4A-11D0-8D11-00A0C91BC942}") = "_dbpbx", "_dbpbx.vcproj", "{F9AD69D6-58FE-4FED-B974-400BAA6BF0E6}"
	ProjectSection(ProjectDependencies) = postProject
		{D01C44EA-8D3D-4F04-A833-BA0861E119A4} = {D01C44EA-8D3D-4F04-A833-BA0861E119A4}
		{254C6F00-6DE5-44A6-AD44-ACABA8912381} = {254C6F00-6DE5-44A6-AD44-ACABA8912381}
	EndProjectSection
EndProject
Project("{8BC9CEB8-8B4A-11D0-8D11-00A0C91BC942}") = "_dsoundchan", "_dsoundchan.vcproj", "{A9CA94EB-27BA-46FA-A585-94D36706C4D7}"
	ProjectSection(ProjectDependencies) = postProject
		{254C6F00-6DE5-44A6-AD44-ACABA8912381} = {254C6F00-6DE5-44A6-AD44-ACABA8912381}
	EndProjectSection
EndProject
Project("{8BC9CEB8-8B4A-11D0-8D11-00A0C91BC942}") = "_dumbchan", "_dumbchan.vcproj", "{34AC2018-91F1-41AF-A839-47DCF27D4434}"
	ProjectSection(ProjectDependencies) = postProject
		{254C6F00-6DE5-44A6-AD44-ACABA8912381} = {254C6F00-6DE5-44A6-AD44-ACABA8912381}
	EndProjectSection
EndProject
Project("{8BC9CEB8-8B4A-11D0-8D11-00A0C91BC942}") = "_extmodule", "_extmodule.vcproj", "{130EC95B-8851-4946-B0B5-6091CE3EFB00}"
	ProjectSection(ProjectDependencies) = postProject
		{254C6F00-6DE5-44A6-AD44-ACABA8912381} = {254C6F00-6DE5-44A6-AD44-ACABA8912381}
	EndProjectSection
EndProject
Project("{8BC9CEB8-8B4A-11D0-8D11-00A0C91BC942}") = "_gsmcodec", "_gsmcodec.vcproj", "{8CF9A752-8606-4819-99D8-CE3C4E744F85}"
	ProjectSection(ProjectDependencies) = postProject
		{254C6F00-6DE5-44A6-AD44-ACABA8912381} = {254C6F00-6DE5-44A6-AD44-ACABA8912381}
	EndProjectSection
EndProject
Project("{8BC9CEB8-8B4A-11D0-8D11-00A0C91BC942}") = "_h323chan", "_h323chan.vcproj", "{DC897705-0065-4FA0-B1C2-5A3E75240A95}"
	ProjectSection(ProjectDependencies) = postProject
		{254C6F00-6DE5-44A6-AD44-ACABA8912381} = {254C6F00-6DE5-44A6-AD44-ACABA8912381}
	EndProjectSection
EndProject
Project("{8BC9CEB8-8B4A-11D0-8D11-00A0C91BC942}") = "_ilbccodec", "_ilbccodec.vcproj", "{4490F42E-C4AE-4776-AE4D-490CABA6316E}"
	ProjectSection(ProjectDependencies) = postProject
		{67CD1DCE-38FA-4705-BD7D-D7717C8CE93D} = {67CD1DCE-38FA-4705-BD7D-D7717C8CE93D}
		{254C6F00-6DE5-44A6-AD44-ACABA8912381} = {254C6F00-6DE5-44A6-AD44-ACABA8912381}
	EndProjectSection
EndProject
Project("{8BC9CEB8-8B4A-11D0-8D11-00A0C91BC942}") = "_msgsniff", "_msgsniff.vcproj", "{F85C5686-5E6E-490E-99F7-6B8E1776CF71}"
	ProjectSection(ProjectDependencies) = postProject
		{254C6F00-6DE5-44A6-AD44-ACABA8912381} = {254C6F00-6DE5-44A6-AD44-ACABA8912381}
	EndProjectSection
EndProject
Project("{8BC9CEB8-8B4A-11D0-8D11-00A0C91BC942}") = "_mysqldb", "_mysqldb.vcproj", "{2358F303-8EF4-404A-80C8-6E1826B2D423}"
	ProjectSection(ProjectDependencies) = postProject
		{254C6F00-6DE5-44A6-AD44-ACABA8912381} = {254C6F00-6DE5-44A6-AD44-ACABA8912381}
	EndProjectSection
EndProject
Project("{8BC9CEB8-8B4A-11D0-8D11-00A0C91BC942}") = "_park", "_park.vcproj", "{5F248A16-8E3D-497A-8E68-F9E08971F583}"
	ProjectSection(ProjectDependencies) = postProject
		{254C6F00-6DE5-44A6-AD44-ACABA8912381} = {254C6F00-6DE5-44A6-AD44-ACABA8912381}
	EndProjectSection
EndProject
Project("{8BC9CEB8-8B4A-11D0-8D11-00A0C91BC942}") = "_pbx", "_pbx.vcproj", "{06121688-9DC7-4032-B366-9862CDE6D313}"
	ProjectSection(ProjectDependencies) = postProject
		{254C6F00-6DE5-44A6-AD44-ACABA8912381} = {254C6F00-6DE5-44A6-AD44-ACABA8912381}
	EndProjectSection
EndProject
Project("{8BC9CEB8-8B4A-11D0-8D11-00A0C91BC942}") = "_pbxassist", "_pbxassist.vcproj", "{5E489550-A745-4A24-BBC4-FD4BE5333865}"
	ProjectSection(ProjectDependencies) = postProject
		{D01C44EA-8D3D-4F04-A833-BA0861E119A4} = {D01C44EA-8D3D-4F04-A833-BA0861E119A4}
		{254C6F00-6DE5-44A6-AD44-ACABA8912381} = {254C6F00-6DE5-44A6-AD44-ACABA8912381}
	EndProjectSection
EndProject
Project("{8BC9CEB8-8B4A-11D0-8D11-00A0C91BC942}") = "_pgsqldb", "_pgsqldb.vcproj", "{A9670DE2-5B1D-403C-9225-75135605C790}"
	ProjectSection(ProjectDependencies) = postProject
		{254C6F00-6DE5-44A6-AD44-ACABA8912381} = {254C6F00-6DE5-44A6-AD44-ACABA8912381}
	EndProjectSection
EndProject
Project("{8BC9CEB8-8B4A-11D0-8D11-00A0C91BC942}") = "_queues", "_queues.vcproj", "{88C1CCEC-C1AF-4888-A4A1-C0798EDB3947}"
	ProjectSection(ProjectDependencies) = postProject
		{254C6F00-6DE5-44A6-AD44-ACABA8912381} = {254C6F00-6DE5-44A6-AD44-ACABA8912381}
	EndProjectSection
EndProject
Project("{8BC9CEB8-8B4A-11D0-8D11-00A0C91BC942}") = "_regexroute", "_regexroute.vcproj", "{253846DF-22F7-44BD-ADFB-EE162C193637}"
	ProjectSection(ProjectDependencies) = postProject
		{254C6F00-6DE5-44A6-AD44-ACABA8912381} = {254C6F00-6DE5-44A6-AD44-ACABA8912381}
	EndProjectSection
EndProject
Project("{8BC9CEB8-8B4A-11D0-8D11-00A0C91BC942}") = "_regfile", "_regfile.vcproj", "{125E8721-4B2C-4544-9EE5-8B16883662BE}"
	ProjectSection(ProjectDependencies) = postProject
		{254C6F00-6DE5-44A6-AD44-ACABA8912381} = {254C6F00-6DE5-44A6-AD44-ACABA8912381}
	EndProjectSection
EndProject
Project("{8BC9CEB8-8B4A-11D0-8D11-00A0C91BC942}") = "_register", "_register.vcproj", "{E476FF31-5429-470F-928C-491D09FB4C3F}"
	ProjectSection(ProjectDependencies) = postProject
		{254C6F00-6DE5-44A6-AD44-ACABA8912381} = {254C6F00-6DE5-44A6-AD44-ACABA8912381}
	EndProjectSection
EndProject
Project("{8BC9CEB8-8B4A-11D0-8D11-00A0C91BC942}") = "_rmanager", "_rmanager.vcproj", "{879C9A23-1081-4630-9509-9F0890B70CED}"
	ProjectSection(ProjectDependencies) = postProject
		{254C6F00-6DE5-44A6-AD44-ACABA8912381} = {254C6F00-6DE5-44A6-AD44-ACABA8912381}
	EndProjectSection
EndProject
Project("{8BC9CEB8-8B4A-11D0-8D11-00A0C91BC942}") = "_sipfeatures", "_sipfeatures.vcproj", "{CF38A7D1-219E-4787-9E98-14693C08D588}"
	ProjectSection(ProjectDependencies) = postProject
		{254C6F00-6DE5-44A6-AD44-ACABA8912381} = {254C6F00-6DE5-44A6-AD44-ACABA8912381}
	EndProjectSection
EndProject
Project("{8BC9CEB8-8B4A-11D0-8D11-00A0C91BC942}") = "_speexcodec", "_speexcodec.vcproj", "{889C65FD-CBA9-4E88-B380-DE2640A140A7}"
	ProjectSection(ProjectDependencies) = postProject
		{254C6F00-6DE5-44A6-AD44-ACABA8912381} = {254C6F00-6DE5-44A6-AD44-ACABA8912381}
	EndProjectSection
EndProject
Project("{8BC9CEB8-8B4A-11D0-8D11-00A0C91BC942}") = "_tonedetect", "_tonedetect.vcproj", "{C296BBF2-AD56-4249-AEF6-C04B03131474}"
	ProjectSection(ProjectDependencies) = postProject
		{254C6F00-6DE5-44A6-AD44-ACABA8912381} = {254C6F00-6DE5-44A6-AD44-ACABA8912381}
	EndProjectSection
EndProject
Project("{8BC9CEB8-8B4A-11D0-8D11-00A0C91BC942}") = "_tonegen", "_tonegen.vcproj", "{6E6F6DC8-4B8F-4237-9FEC-BE3BBF268558}"
	ProjectSection(ProjectDependencies) = postProject
		{254C6F00-6DE5-44A6-AD44-ACABA8912381} = {254C6F00-6DE5-44A6-AD44-ACABA8912381}
	EndProjectSection
EndProject
Project("{8BC9CEB8-8B4A-11D0-8D11-00A0C91BC942}") = "_wavefile", "_wavefile.vcproj", "{F00FDFE8-BCCE-4894-8414-91B47C11691C}"
	ProjectSection(ProjectDependencies) = postProject
		{254C6F00-6DE5-44A6-AD44-ACABA8912381} = {254C6F00-6DE5-44A6-AD44-ACABA8912381}
	EndProjectSection
EndProject
Project("{8BC9CEB8-8B4A-11D0-8D11-00A0C91BC942}") = "_wpcard", "_wpcard.vcproj", "{3EA5873D-E3FA-4CA4-B8BB-8FE4183652A1}"
	ProjectSection(ProjectDependencies) = postProject
		{496A2084-FFED-4F73-8C85-170042A34F38} = {496A2084-FFED-4F73-8C85-170042A34F38}
		{254C6F00-6DE5-44A6-AD44-ACABA8912381} = {254C6F00-6DE5-44A6-AD44-ACABA8912381}
	EndProjectSection
EndProject
Project("{8BC9CEB8-8B4A-11D0-8D11-00A0C91BC942}") = "_yiaxchan", "_yiaxchan.vcproj", "{2C0F6C29-318D-4FF6-82EE-49E6418F4C51}"
	ProjectSection(ProjectDependencies) = postProject
		{33730274-2D2F-47A5-94C9-FABEE8266AFC} = {33730274-2D2F-47A5-94C9-FABEE8266AFC}
		{254C6F00-6DE5-44A6-AD44-ACABA8912381} = {254C6F00-6DE5-44A6-AD44-ACABA8912381}
	EndProjectSection
EndProject
Project("{8BC9CEB8-8B4A-11D0-8D11-00A0C91BC942}") = "_yjinglechan", "_yjinglechan.vcproj", "{11BDB689-6A50-48AC-9D2E-1DF68E53510C}"
	ProjectSection(ProjectDependencies) = postProject
		{5F8D10EB-CC69-43E3-8120-33BF5628F26E} = {5F8D10EB-CC69-43E3-8120-33BF5628F26E}
		{254C6F00-6DE5-44A6-AD44-ACABA8912381} = {254C6F00-6DE5-44A6-AD44-ACABA8912381}
	EndProjectSection
EndProject
Project("{8BC9CEB8-8B4A-11D0-8D11-00A0C91BC942}") = "_yradius", "_yradius.vcproj", "{A6E6D5DF-8C1B-4859-95E7-084467D8E812}"
	ProjectSection(ProjectDependencies) = postProject
		{254C6F00-6DE5-44A6-AD44-ACABA8912381} = {254C6F00-6DE5-44A6-AD44-ACABA8912381}
	EndProjectSection
EndProject
Project("{8BC9CEB8-8B4A-11D0-8D11-00A0C91BC942}") = "_yrtpchan", "_yrtpchan.vcproj", "{8B67BE6A-B42B-47CA-8188-99A890786A3A}"
	ProjectSection(ProjectDependencies) = postProject
		{C99A3794-EAF8-4D99-A09B-595ED0F00206} = {C99A3794-EAF8-4D99-A09B-595ED0F00206}
		{254C6F00-6DE5-44A6-AD44-ACABA8912381} = {254C6F00-6DE5-44A6-AD44-ACABA8912381}
	EndProjectSection
EndProject
Project("{8BC9CEB8-8B4A-11D0-8D11-00A0C91BC942}") = "_ysipchan", "_ysipchan.vcproj", "{14D986D9-75A8-48D3-8412-4536A4B610BC}"
	ProjectSection(ProjectDependencies) = postProject
		{88B0C2FB-F813-4C85-BCE3-1629A2F8FE09} = {88B0C2FB-F813-4C85-BCE3-1629A2F8FE09}
		{D6E03774-36D8-4029-ACD1-5074D0F0DB06} = {D6E03774-36D8-4029-ACD1-5074D0F0DB06}
		{254C6F00-6DE5-44A6-AD44-ACABA8912381} = {254C6F00-6DE5-44A6-AD44-ACABA8912381}
	EndProjectSection
EndProject
Project("{8BC9CEB8-8B4A-11D0-8D11-00A0C91BC942}") = "_ystunchan", "_ystunchan.vcproj", "{799C2C3A-9AA1-41C0-BD24-B35D83A564E2}"
	ProjectSection(ProjectDependencies) = postProject
		{254C6F00-6DE5-44A6-AD44-ACABA8912381} = {254C6F00-6DE5-44A6-AD44-ACABA8912381}
	EndProjectSection
EndProject
Project("{8BC9CEB8-8B4A-11D0-8D11-00A0C91BC942}") = "libilbc", "libilbc.vcproj", "{67CD1DCE-38FA-4705-BD7D-D7717C8CE93D}"
EndProject
Project("{8BC9CEB8-8B4A-11D0-8D11-00A0C91BC942}") = "libregex", "libregex.vcproj", "{554E2C8A-41AE-46F4-AB70-06C676CEB2D0}"
EndProject
Project("{8BC9CEB8-8B4A-11D0-8D11-00A0C91BC942}") = "libyiax", "libyiax.vcproj", "{33730274-2D2F-47A5-94C9-FABEE8266AFC}"
	ProjectSection(ProjectDependencies) = postProject
		{254C6F00-6DE5-44A6-AD44-ACABA8912381} = {254C6F00-6DE5-44A6-AD44-ACABA8912381}
	EndProjectSection
EndProject
Project("{8BC9CEB8-8B4A-11D0-8D11-00A0C91BC942}") = "libypbx", "libypbx.vcproj", "{D01C44EA-8D3D-4F04-A833-BA0861E119A4}"
	ProjectSection(ProjectDependencies) = postProject
		{254C6F00-6DE5-44A6-AD44-ACABA8912381} = {254C6F00-6DE5-44A6-AD44-ACABA8912381}
	EndProjectSection
EndProject
Project("{8BC9CEB8-8B4A-11D0-8D11-00A0C91BC942}") = "libyrtp", "libyrtp.vcproj", "{C99A3794-EAF8-4D99-A09B-595ED0F00206}"
	ProjectSection(ProjectDependencies) = postProject
		{254C6F00-6DE5-44A6-AD44-ACABA8912381} = {254C6F00-6DE5-44A6-AD44-ACABA8912381}
	EndProjectSection
EndProject
Project("{8BC9CEB8-8B4A-11D0-8D11-00A0C91BC942}") = "libysip", "libysip.vcproj", "{88B0C2FB-F813-4C85-BCE3-1629A2F8FE09}"
	ProjectSection(ProjectDependencies) = postProject
		{254C6F00-6DE5-44A6-AD44-ACABA8912381} = {254C6F00-6DE5-44A6-AD44-ACABA8912381}
	EndProjectSection
EndProject
Project("{8BC9CEB8-8B4A-11D0-8D11-00A0C91BC942}") = "libysig", "libysig.vcproj", "{496A2084-FFED-4F73-8C85-170042A34F38}"
	ProjectSection(ProjectDependencies) = postProject
		{217302E0-3E1F-4799-AEA9-FAB442166AFC} = {217302E0-3E1F-4799-AEA9-FAB442166AFC}
		{254C6F00-6DE5-44A6-AD44-ACABA8912381} = {254C6F00-6DE5-44A6-AD44-ACABA8912381}
	EndProjectSection
EndProject
Project("{8BC9CEB8-8B4A-11D0-8D11-00A0C91BC942}") = "_ysigchan", "_ysigchan.vcproj", "{14D976D9-76B8-48D3-8312-4539D4B610BC}"
	ProjectSection(ProjectDependencies) = postProject
		{496A2084-FFED-4F73-8C85-170042A34F38} = {496A2084-FFED-4F73-8C85-170042A34F38}
		{254C6F00-6DE5-44A6-AD44-ACABA8912381} = {254C6F00-6DE5-44A6-AD44-ACABA8912381}
	EndProjectSection
EndProject
Project("{8BC9CEB8-8B4A-11D0-8D11-00A0C91BC942}") = "_analog", "_analog.vcproj", "{13C976D9-7674-32D3-6612-4B89D4B610BC}"
	ProjectSection(ProjectDependencies) = postProject
		{496A2084-FFED-4F73-8C85-170042A34F38} = {496A2084-FFED-4F73-8C85-170042A34F38}
		{254C6F00-6DE5-44A6-AD44-ACABA8912381} = {254C6F00-6DE5-44A6-AD44-ACABA8912381}
	EndProjectSection
EndProject
Project("{8BC9CEB8-8B4A-11D0-8D11-00A0C91BC942}") = "_heartbeat", "_heartbeat.vcproj", "{5F4005CD-2BA3-40C8-8348-726F5C99D964}"
	ProjectSection(ProjectDependencies) = postProject
		{254C6F00-6DE5-44A6-AD44-ACABA8912381} = {254C6F00-6DE5-44A6-AD44-ACABA8912381}
	EndProjectSection
EndProject
Project("{8BC9CEB8-8B4A-11D0-8D11-00A0C91BC942}") = "libymgcp", "libymgcp.vcproj", "{8A30C2FB-E471-9C74-AA33-1629A2F8424E}"
	ProjectSection(ProjectDependencies) = postProject
		{254C6F00-6DE5-44A6-AD44-ACABA8912381} = {254C6F00-6DE5-44A6-AD44-ACABA8912381}
	EndProjectSection
EndProject
Project("{8BC9CEB8-8B4A-11D0-8D11-00A0C91BC942}") = "_mgcpca", "_mgcpca.vcproj", "{715276DA-C422-9983-5C31-8DE434B610BC}"
	ProjectSection(ProjectDependencies) = postProject
		{8A30C2FB-E471-9C74-AA33-1629A2F8424E} = {8A30C2FB-E471-9C74-AA33-1629A2F8424E}
		{496A2084-FFED-4F73-8C85-170042A34F38} = {496A2084-FFED-4F73-8C85-170042A34F38}
		{D6E03774-36D8-4029-ACD1-5074D0F0DB06} = {D6E03774-36D8-4029-ACD1-5074D0F0DB06}
		{254C6F00-6DE5-44A6-AD44-ACABA8912381} = {254C6F00-6DE5-44A6-AD44-ACABA8912381}
	EndProjectSection
EndProject
Project("{8BC9CEB8-8B4A-11D0-8D11-00A0C91BC942}") = "_mgcpgw", "_mgcpgw.vcproj", "{715210DA-373F-89D2-577E-8DE41AA610BC}"
	ProjectSection(ProjectDependencies) = postProject
		{8A30C2FB-E471-9C74-AA33-1629A2F8424E} = {8A30C2FB-E471-9C74-AA33-1629A2F8424E}
		{D6E03774-36D8-4029-ACD1-5074D0F0DB06} = {D6E03774-36D8-4029-ACD1-5074D0F0DB06}
		{254C6F00-6DE5-44A6-AD44-ACABA8912381} = {254C6F00-6DE5-44A6-AD44-ACABA8912381}
	EndProjectSection
EndProject
Project("{8BC9CEB8-8B4A-11D0-8D11-00A0C91BC942}") = "_mux", "_mux.vcproj", "{1254C781-292C-48F4-9CB6-93338721E89C}"
	ProjectSection(ProjectDependencies) = postProject
		{254C6F00-6DE5-44A6-AD44-ACABA8912381} = {254C6F00-6DE5-44A6-AD44-ACABA8912381}
	EndProjectSection
EndProject
Project("{8BC9CEB8-8B4A-11D0-8D11-00A0C91BC942}") = "LibQt4", "LibQt4.vcproj", "{E98D46ED-71CD-7146-5CD8-16C08BC0A45C}"
	ProjectSection(ProjectDependencies) = postProject
		{254C6F00-6DE5-44A6-AD44-ACABA8912381} = {254C6F00-6DE5-44A6-AD44-ACABA8912381}
	EndProjectSection
EndProject
Project("{8BC9CEB8-8B4A-11D0-8D11-00A0C91BC942}") = "Qt4Client", "Qt4Client.vcproj", "{E91387A2-D00D-6BF1-A230-44C8070A985F}"
	ProjectSection(ProjectDependencies) = postProject
		{E98D46ED-71CD-7146-5CD8-16C08BC0A45C} = {E98D46ED-71CD-7146-5CD8-16C08BC0A45C}
		{254C6F00-6DE5-44A6-AD44-ACABA8912381} = {254C6F00-6DE5-44A6-AD44-ACABA8912381}
	EndProjectSection
EndProject
Project("{8BC9CEB8-8B4A-11D0-8D11-00A0C91BC942}") = "msvcrtest", "msvcrtest.vcproj", "{10AAB2D2-1FBB-46E5-B20E-3C5F1CC24BCD}"
EndProject
Project("{8BC9CEB8-8B4A-11D0-8D11-00A0C91BC942}") = "_clustering", "_clustering.vcproj", "{56A805CD-59D3-41AE-8992-2A2F5C99DC67}"
	ProjectSection(ProjectDependencies) = postProject
		{254C6F00-6DE5-44A6-AD44-ACABA8912381} = {254C6F00-6DE5-44A6-AD44-ACABA8912381}
	EndProjectSection
EndProject
Project("{8BC9CEB8-8B4A-11D0-8D11-00A0C91BC942}") = "_lateroute", "_lateroute.vcproj", "{2F410A9D-D671-4928-7ACF-7268AF39D934}"
	ProjectSection(ProjectDependencies) = postProject
		{254C6F00-6DE5-44A6-AD44-ACABA8912381} = {254C6F00-6DE5-44A6-AD44-ACABA8912381}
	EndProjectSection
EndProject
Project("{8BC9CEB8-8B4A-11D0-8D11-00A0C91BC942}") = "_openssl", "_openssl.vcproj", "{AB883DE2-2AE9-C12C-9F34-753E10B5C790}"
	ProjectSection(ProjectDependencies) = postProject
		{254C6F00-6DE5-44A6-AD44-ACABA8912381} = {254C6F00-6DE5-44A6-AD44-ACABA8912381}
	EndProjectSection
EndProject
Project("{8BC9CEB8-8B4A-11D0-8D11-00A0C91BC942}") = "_amrnbcodec", "_amrnbcodec.vcproj", "{7E21A792-7D06-4239-3AE8-CE110C644F85}"
	ProjectSection(ProjectDependencies) = postProject
		{254C6F00-6DE5-44A6-AD44-ACABA8912381} = {254C6F00-6DE5-44A6-AD44-ACABA8912381}
	EndProjectSection
EndProject
Project("{8BC9CEB8-8B4A-11D0-8D11-00A0C91BC942}") = "libymodem", "libymodem.vcproj", "{8330C290-5F71-33E4-A553-162E1BC8424E}"
	ProjectSection(ProjectDependencies) = postProject
		{254C6F00-6DE5-44A6-AD44-ACABA8912381} = {254C6F00-6DE5-44A6-AD44-ACABA8912381}
	EndProjectSection
EndProject
Project("{8BC9CEB8-8B4A-11D0-8D11-00A0C91BC942}") = "_analogdetect", "_analogdetect.vcproj", "{8B54AE6A-9F1B-4B88-20C8-9D7790786A3A}"
	ProjectSection(ProjectDependencies) = postProject
		{8330C290-5F71-33E4-A553-162E1BC8424E} = {8330C290-5F71-33E4-A553-162E1BC8424E}
	EndProjectSection
EndProject
Project("{8BC9CEB8-8B4A-11D0-8D11-00A0C91BC942}") = "_updater", "_updater.vcproj", "{A9C6A983-C901-5B87-1147-6AD36C5FE4D7}"
	ProjectSection(ProjectDependencies) = postProject
		{254C6F00-6DE5-44A6-AD44-ACABA8912381} = {254C6F00-6DE5-44A6-AD44-ACABA8912381}
	EndProjectSection
EndProject
Project("{8BC9CEB8-8B4A-11D0-8D11-00A0C91BC942}") = "_ysockschan", "_ysockschan.vcproj", "{4A3E2C3A-58A1-41D4-B9B4-B35D83AC08E2}"
	ProjectSection(ProjectDependencies) = postProject
		{254C6F00-6DE5-44A6-AD44-ACABA8912381} = {254C6F00-6DE5-44A6-AD44-ACABA8912381}
	EndProjectSection
EndProject
Project("{8BC9CEB8-8B4A-11D0-8D11-00A0C91BC942}") = "_filetransfer", "_filetransfer.vcproj", "{F08942E8-BCA0-4F54-C234-91B47C10441C}"
	ProjectSection(ProjectDependencies) = postProject
		{254C6F00-6DE5-44A6-AD44-ACABA8912381} = {254C6F00-6DE5-44A6-AD44-ACABA8912381}
	EndProjectSection
EndProject
Project("{8BC9CEB8-8B4A-11D0-8D11-00A0C91BC942}") = "_queuesnotify", "_queuesnotify.vcproj", "{88C1CABC-C1AF-4888-A4A1-C0798EDB3947}"
	ProjectSection(ProjectDependencies) = postProject
		{254C6F00-6DE5-44A6-AD44-ACABA8912381} = {254C6F00-6DE5-44A6-AD44-ACABA8912381}
	EndProjectSection
EndProject
Project("{8BC9CEB8-8B4A-11D0-8D11-00A0C91BC942}") = "_ciscosm", "_ciscosm.vcproj", "{8AD176D9-C038-455F-C3A4-453D0AB610BC}"
	ProjectSection(ProjectDependencies) = postProject
		{496A2084-FFED-4F73-8C85-170042A34F38} = {496A2084-FFED-4F73-8C85-170042A34F38}
		{254C6F00-6DE5-44A6-AD44-ACABA8912381} = {254C6F00-6DE5-44A6-AD44-ACABA8912381}
	EndProjectSection
EndProject
Project("{8BC9CEB8-8B4A-11D0-8D11-00A0C91BC942}") = "libysdp", "libysdp.vcproj", "{D6E03774-36D8-4029-ACD1-5074D0F0DB06}"
	ProjectSection(ProjectDependencies) = postProject
		{254C6F00-6DE5-44A6-AD44-ACABA8912381} = {254C6F00-6DE5-44A6-AD44-ACABA8912381}
	EndProjectSection
EndProject
Project("{8BC9CEB8-8B4A-11D0-8D11-00A0C91BC942}") = "_callcounters", "_callcounters.vcproj", "{2BA805ED-19D3-4100-BC32-2AD05C9977A7}"
	ProjectSection(ProjectDependencies) = postProject
		{254C6F00-6DE5-44A6-AD44-ACABA8912381} = {254C6F00-6DE5-44A6-AD44-ACABA8912381}
	EndProjectSection
EndProject
Project("{8BC9CEB8-8B4A-11D0-8D11-00A0C91BC942}") = "libyjabber", "libyjabber.vcproj", "{5F8D10EB-CC69-43E3-8120-33BF5628F26E}"
	ProjectSection(ProjectDependencies) = postProject
		{254C6F00-6DE5-44A6-AD44-ACABA8912381} = {254C6F00-6DE5-44A6-AD44-ACABA8912381}
	EndProjectSection
EndProject
Project("{8BC9CEB8-8B4A-11D0-8D11-00A0C91BC942}") = "_jbfeatures", "_jbfeatures.vcproj", "{4A8E7731-3F2E-17B2-0398-12292A18D588}"
	ProjectSection(ProjectDependencies) = postProject
		{5F8D10EB-CC69-43E3-8120-33BF5628F26E} = {5F8D10EB-CC69-43E3-8120-33BF5628F26E}
		{254C6F00-6DE5-44A6-AD44-ACABA8912381} = {254C6F00-6DE5-44A6-AD44-ACABA8912381}
	EndProjectSection
EndProject
Project("{8BC9CEB8-8B4A-11D0-8D11-00A0C91BC942}") = "_jabberserver", "_jabberserver.vcproj", "{4A89273F-B02E-4792-2A78-14331A18778A}"
	ProjectSection(ProjectDependencies) = postProject
		{5F8D10EB-CC69-43E3-8120-33BF5628F26E} = {5F8D10EB-CC69-43E3-8120-33BF5628F26E}
		{254C6F00-6DE5-44A6-AD44-ACABA8912381} = {254C6F00-6DE5-44A6-AD44-ACABA8912381}
	EndProjectSection
EndProject
Project("{8BC9CEB8-8B4A-11D0-8D11-00A0C91BC942}") = "_jabberclient", "_jabberclient.vcproj", "{9F28A731-2E7E-9E22-719D-22FA2A18D588}"
	ProjectSection(ProjectDependencies) = postProject
		{5F8D10EB-CC69-43E3-8120-33BF5628F26E} = {5F8D10EB-CC69-43E3-8120-33BF5628F26E}
		{254C6F00-6DE5-44A6-AD44-ACABA8912381} = {254C6F00-6DE5-44A6-AD44-ACABA8912381}
	EndProjectSection
EndProject
Project("{8BC9CEB8-8B4A-11D0-8D11-00A0C91BC942}") = "_sigtransport", "_sigtransport.vcproj", "{8AD10A2C-B76D-A35F-C105-4B3DF44810BC}"
	ProjectSection(ProjectDependencies) = postProject
		{496A2084-FFED-4F73-8C85-170042A34F38} = {496A2084-FFED-4F73-8C85-170042A34F38}
		{254C6F00-6DE5-44A6-AD44-ACABA8912381} = {254C6F00-6DE5-44A6-AD44-ACABA8912381}
	EndProjectSection
EndProject
Project("{8BC9CEB8-8B4A-11D0-8D11-00A0C91BC942}") = "_zlibcompress", "_zlibcompress.vcproj", "{AB81DDE2-2AE9-C12C-9FAC-753E10B5C790}"
	ProjectSection(ProjectDependencies) = postProject
		{254C6F00-6DE5-44A6-AD44-ACABA8912381} = {254C6F00-6DE5-44A6-AD44-ACABA8912381}
	EndProjectSection
EndProject
Project("{8BC9CEB8-8B4A-11D0-8D11-00A0C91BC942}") = "_isupmangler", "_isupmangler.vcproj", "{92D97332-5A18-4923-D872-4534427610BC}"
	ProjectSection(ProjectDependencies) = postProject
		{496A2084-FFED-4F73-8C85-170042A34F38} = {496A2084-FFED-4F73-8C85-170042A34F38}
		{254C6F00-6DE5-44A6-AD44-ACABA8912381} = {254C6F00-6DE5-44A6-AD44-ACABA8912381}
	EndProjectSection
EndProject
Project("{8BC9CEB8-8B4A-11D0-8D11-00A0C91BC942}") = "libyasn", "libyasn.vcproj", "{217302E0-3E1F-4799-AEA9-FAB442166AFC}"
	ProjectSection(ProjectDependencies) = postProject
		{254C6F00-6DE5-44A6-AD44-ACABA8912381} = {254C6F00-6DE5-44A6-AD44-ACABA8912381}
	EndProjectSection
EndProject
Project("{8BC9CEB8-8B4A-11D0-8D11-00A0C91BC942}") = "libysnmp", "libysnmp.vcproj", "{217F53E0-281F-4AB0-22A9-FF1242166AFC}"
	ProjectSection(ProjectDependencies) = postProject
		{217302E0-3E1F-4799-AEA9-FAB442166AFC} = {217302E0-3E1F-4799-AEA9-FAB442166AFC}
		{254C6F00-6DE5-44A6-AD44-ACABA8912381} = {254C6F00-6DE5-44A6-AD44-ACABA8912381}
	EndProjectSection
EndProject
Project("{8BC9CEB8-8B4A-11D0-8D11-00A0C91BC942}") = "_ysnmpagent", "_ysnmpagent.vcproj", "{5E4AF250-6E45-4D14-5AC4-FD4BEC31A065}"
	ProjectSection(ProjectDependencies) = postProject
		{217F53E0-281F-4AB0-22A9-FF1242166AFC} = {217F53E0-281F-4AB0-22A9-FF1242166AFC}
		{217302E0-3E1F-4799-AEA9-FAB442166AFC} = {217302E0-3E1F-4799-AEA9-FAB442166AFC}
		{254C6F00-6DE5-44A6-AD44-ACABA8912381} = {254C6F00-6DE5-44A6-AD44-ACABA8912381}
	EndProjectSection
EndProject
Project("{8BC9CEB8-8B4A-11D0-8D11-00A0C91BC942}") = "_monitoring", "_monitoring.vcproj", "{F857E286-AA6E-43C1-98F7-6B811276CF71}"
	ProjectSection(ProjectDependencies) = postProject
		{254C6F00-6DE5-44A6-AD44-ACABA8912381} = {254C6F00-6DE5-44A6-AD44-ACABA8912381}
	EndProjectSection
EndProject
Project("{8BC9CEB8-8B4A-11D0-8D11-00A0C91BC942}") = "_cpuload", "_cpuload.vcproj", "{2FD20598-0ED3-4250-1F22-2670519857A7}"
	ProjectSection(ProjectDependencies) = postProject
		{254C6F00-6DE5-44A6-AD44-ACABA8912381} = {254C6F00-6DE5-44A6-AD44-ACABA8912381}
	EndProjectSection
EndProject
Project("{8BC9CEB8-8B4A-11D0-8D11-00A0C91BC942}") = "_ccongestion", "_ccongestion.vcproj", "{2FDE1998-0EA0-417F-1232-285A51985792}"
	ProjectSection(ProjectDependencies) = postProject
		{254C6F00-6DE5-44A6-AD44-ACABA8912381} = {254C6F00-6DE5-44A6-AD44-ACABA8912381}
	EndProjectSection
EndProject
Project("{8BC9CEB8-8B4A-11D0-8D11-00A0C91BC942}") = "_customtable", "_customtable.vcproj", "{A9C3DA83-C901-5B87-1147-6DA361FFE4D7}"
	ProjectSection(ProjectDependencies) = postProject
		{E98D46ED-71CD-7146-5CD8-16C08BC0A45C} = {E98D46ED-71CD-7146-5CD8-16C08BC0A45C}
		{254C6F00-6DE5-44A6-AD44-ACABA8912381} = {254C6F00-6DE5-44A6-AD44-ACABA8912381}
	EndProjectSection
EndProject
Project("{8BC9CEB8-8B4A-11D0-8D11-00A0C91BC942}") = "_customtext", "_customtext.vcproj", "{A9C34AB3-C901-5127-1147-6DA3FAFFE4D7}"
	ProjectSection(ProjectDependencies) = postProject
		{E98D46ED-71CD-7146-5CD8-16C08BC0A45C} = {E98D46ED-71CD-7146-5CD8-16C08BC0A45C}
		{254C6F00-6DE5-44A6-AD44-ACABA8912381} = {254C6F00-6DE5-44A6-AD44-ACABA8912381}
	EndProjectSection
EndProject
Project("{8BC9CEB8-8B4A-11D0-8D11-00A0C91BC942}") = "_customtree", "_customtree.vcproj", "{A9C3AC83-A201-5B87-1147-6D0961FFE4D7}"
	ProjectSection(ProjectDependencies) = postProject
		{E98D46ED-71CD-7146-5CD8-16C08BC0A45C} = {E98D46ED-71CD-7146-5CD8-16C08BC0A45C}
		{254C6F00-6DE5-44A6-AD44-ACABA8912381} = {254C6F00-6DE5-44A6-AD44-ACABA8912381}
	EndProjectSection
EndProject
Project("{8BC9CEB8-8B4A-11D0-8D11-00A0C91BC942}") = "_widgetlist", "_widgetlist.vcproj", "{B2C3DA83-C901-5BA3-1147-6DA361FFD3D7}"
	ProjectSection(ProjectDependencies) = postProject
		{E98D46ED-71CD-7146-5CD8-16C08BC0A45C} = {E98D46ED-71CD-7146-5CD8-16C08BC0A45C}
		{254C6F00-6DE5-44A6-AD44-ACABA8912381} = {254C6F00-6DE5-44A6-AD44-ACABA8912381}
	EndProjectSection
EndProject
Project("{8BC9CEB8-8B4A-11D0-8D11-00A0C91BC942}") = "_clientarchive", "_clientarchive.vcproj", "{454C2EC4-909A-4A54-8F3E-F9015FF1D69B}"
	ProjectSection(ProjectDependencies) = postProject
		{E98D46ED-71CD-7146-5CD8-16C08BC0A45C} = {E98D46ED-71CD-7146-5CD8-16C08BC0A45C}
		{254C6F00-6DE5-44A6-AD44-ACABA8912381} = {254C6F00-6DE5-44A6-AD44-ACABA8912381}
	EndProjectSection
EndProject
Project("{8BC9CEB8-8B4A-11D0-8D11-00A0C91BC942}") = "QT4Modules", "QT4Modules.vcproj", "{7E8CAE11-0729-4E65-9BE8-8C4D7D11839D}"
	ProjectSection(ProjectDependencies) = postProject
		{454C2EC4-909A-4A54-8F3E-F9015FF1D69B} = {454C2EC4-909A-4A54-8F3E-F9015FF1D69B}
		{A9C34AB3-C901-5127-1147-6DA3FAFFE4D7} = {A9C34AB3-C901-5127-1147-6DA3FAFFE4D7}
		{B2C3DA83-C901-5BA3-1147-6DA361FFD3D7} = {B2C3DA83-C901-5BA3-1147-6DA361FFD3D7}
		{A9C3DA83-C901-5B87-1147-6DA361FFE4D7} = {A9C3DA83-C901-5B87-1147-6DA361FFE4D7}
		{A9C3AC83-A201-5B87-1147-6D0961FFE4D7} = {A9C3AC83-A201-5B87-1147-6D0961FFE4D7}
		{A9C6A983-C901-5B87-1147-6AD36C5FE4D7} = {A9C6A983-C901-5B87-1147-6AD36C5FE4D7}
	EndProjectSection
EndProject
Project("{8BC9CEB8-8B4A-11D0-8D11-00A0C91BC942}") = "_sip_cnam_lnp", "_sip_cnam_lnp.vcproj", "{8721C91C-E1BB-4758-78A1-C0718EDFF940}"
	ProjectSection(ProjectDependencies) = postProject
		{254C6F00-6DE5-44A6-AD44-ACABA8912381} = {254C6F00-6DE5-44A6-AD44-ACABA8912381}
	EndProjectSection
EndProject
Project("{8BC9CEB8-8B4A-11D0-8D11-00A0C91BC942}") = "_cache", "_cache.vcproj", "{8C7E6907-5ACC-4143-B502-D610E5EB619B}"
	ProjectSection(ProjectDependencies) = postProject
		{254C6F00-6DE5-44A6-AD44-ACABA8912381} = {254C6F00-6DE5-44A6-AD44-ACABA8912381}
	EndProjectSection
EndProject
Project("{8BC9CEB8-8B4A-11D0-8D11-00A0C91BC942}") = "_dbwave", "_dbwave.vcproj", "{8C7E6912-5ACC-4143-B502-D643E5AB619B}"
	ProjectSection(ProjectDependencies) = postProject
		{254C6F00-6DE5-44A6-AD44-ACABA8912381} = {254C6F00-6DE5-44A6-AD44-ACABA8912381}
	EndProjectSection
EndProject
Project("{8BC9CEB8-8B4A-11D0-8D11-00A0C91BC942}") = "_presence", "_presence.vcproj", "{812E6912-5ADC-4143-BAE2-D649E5AB669B}"
	ProjectSection(ProjectDependencies) = postProject
		{254C6F00-6DE5-44A6-AD44-ACABA8912381} = {254C6F00-6DE5-44A6-AD44-ACABA8912381}
	EndProjectSection
EndProject
Project("{8BC9CEB8-8B4A-11D0-8D11-00A0C91BC942}") = "_subscription", "_subscription.vcproj", "{8A1E6012-5BCC-4143-B3D2-D643E2A5619B}"
	ProjectSection(ProjectDependencies) = postProject
		{254C6F00-6DE5-44A6-AD44-ACABA8912381} = {254C6F00-6DE5-44A6-AD44-ACABA8912381}
	EndProjectSection
EndProject
Project("{8BC9CEB8-8B4A-11D0-8D11-00A0C91BC942}") = "_users", "_users.vcproj", "{8A7E6912-5ACC-4F43-D502-D643E5AB6E34}"
	ProjectSection(ProjectDependencies) = postProject
		{254C6F00-6DE5-44A6-AD44-ACABA8912381} = {254C6F00-6DE5-44A6-AD44-ACABA8912381}
	EndProjectSection
EndProject
Project("{8BC9CEB8-8B4A-11D0-8D11-00A0C91BC942}") = "_enumroute", "_enumroute.vcproj", "{04DFB3FD-048D-4841-94DD-B78005800E59}"
	ProjectSection(ProjectDependencies) = postProject
		{254C6F00-6DE5-44A6-AD44-ACABA8912381} = {254C6F00-6DE5-44A6-AD44-ACABA8912381}
	EndProjectSection
EndProject
Project("{8BC9CEB8-8B4A-11D0-8D11-00A0C91BC942}") = "_ss7_lnp_ansi", "_ss7_lnp_ansi.vcproj", "{14D9A3D9-76A3-48D3-8312-453A34B610A3}"
	ProjectSection(ProjectDependencies) = postProject
		{217302E0-3E1F-4799-AEA9-FAB442166AFC} = {217302E0-3E1F-4799-AEA9-FAB442166AFC}
		{496A2084-FFED-4F73-8C85-170042A34F38} = {496A2084-FFED-4F73-8C85-170042A34F38}
		{254C6F00-6DE5-44A6-AD44-ACABA8912381} = {254C6F00-6DE5-44A6-AD44-ACABA8912381}
	EndProjectSection
EndProject
Project("{8BC9CEB8-8B4A-11D0-8D11-00A0C91BC942}") = "libyscript", "libyscript.vcproj", "{433A2084-F5DD-4F73-8C85-170A4FA34F38}"
	ProjectSection(ProjectDependencies) = postProject
		{254C6F00-6DE5-44A6-AD44-ACABA8912381} = {254C6F00-6DE5-44A6-AD44-ACABA8912381}
	EndProjectSection
EndProject
Project("{8BC9CEB8-8B4A-11D0-8D11-00A0C91BC942}") = "_javascript", "_javascript.vcproj", "{2CA56C29-3A9D-4FF6-82EE-49E6AD4F4CF1}"
	ProjectSection(ProjectDependencies) = postProject
		{D01C44EA-8D3D-4F04-A833-BA0861E119A4} = {D01C44EA-8D3D-4F04-A833-BA0861E119A4}
		{433A2084-F5DD-4F73-8C85-170A4FA34F38} = {433A2084-F5DD-4F73-8C85-170A4FA34F38}
		{254C6F00-6DE5-44A6-AD44-ACABA8912381} = {254C6F00-6DE5-44A6-AD44-ACABA8912381}
	EndProjectSection
EndProject
Project("{8BC9CEB8-8B4A-11D0-8D11-00A0C91BC942}") = "_camel_map", "_camel_map.vcproj", "{92D97332-DA18-4923-A872-453442AD50BC}"
	ProjectSection(ProjectDependencies) = postProject
		{217302E0-3E1F-4799-AEA9-FAB442166AFC} = {217302E0-3E1F-4799-AEA9-FAB442166AFC}
		{496A2084-FFED-4F73-8C85-170042A34F38} = {496A2084-FFED-4F73-8C85-170042A34F38}
		{254C6F00-6DE5-44A6-AD44-ACABA8912381} = {254C6F00-6DE5-44A6-AD44-ACABA8912381}
	EndProjectSection
EndProject
Project("{8BC9CEB8-8B4A-11D0-8D11-00A0C91BC942}") = "libminiwebrtc", "libminiwebrtc.vcproj", "{67A21DCE-38FA-4705-A33D-D7711D4CE93D}"
EndProject
Project("{8BC9CEB8-8B4A-11D0-8D11-00A0C91BC942}") = "_isaccodec", "_isaccodec.vcproj", "{4422F42E-A123-4776-AE4D-490D12A6316E}"
	ProjectSection(ProjectDependencies) = postProject
		{67A21DCE-38FA-4705-A33D-D7711D4CE93D} = {67A21DCE-38FA-4705-A33D-D7711D4CE93D}
		{254C6F00-6DE5-44A6-AD44-ACABA8912381} = {254C6F00-6DE5-44A6-AD44-ACABA8912381}
	EndProjectSection
EndProject
Project("{8BC9CEB8-8B4A-11D0-8D11-00A0C91BC942}") = "_gvoice", "_gvoice.vcproj", "{2BA80F84-2AD3-4730-1AB2-2ABB5C9217A7}"
	ProjectSection(ProjectDependencies) = postProject
		{254C6F00-6DE5-44A6-AD44-ACABA8912381} = {254C6F00-6DE5-44A6-AD44-ACABA8912381}
	EndProjectSection
EndProject
Project("{8BC9CEB8-8B4A-11D0-8D11-00A0C91BC942}") = "_ilbcwebrtc", "_ilbcwebrtc.vcproj", "{4371F4BE-3D23-479B-7F4D-492112A6986E}"
	ProjectSection(ProjectDependencies) = postProject
		{67A21DCE-38FA-4705-A33D-D7711D4CE93D} = {67A21DCE-38FA-4705-A33D-D7711D4CE93D}
		{254C6F00-6DE5-44A6-AD44-ACABA8912381} = {254C6F00-6DE5-44A6-AD44-ACABA8912381}
	EndProjectSection
EndProject
Project("{8BC9CEB8-8B4A-11D0-8D11-00A0C91BC942}") = "_cdrcombine", "_cdrcombine.vcproj", "{43716F17-125F-4B1C-B783-7AAC92AA136E}"
	ProjectSection(ProjectDependencies) = postProject
		{254C6F00-6DE5-44A6-AD44-ACABA8912381} = {254C6F00-6DE5-44A6-AD44-ACABA8912381}
	EndProjectSection
EndProject
Project("{8BC9CEB8-8B4A-11D0-8D11-00A0C91BC942}") = "_fileinfo", "_fileinfo.vcproj", "{F08AB2E8-BCA0-3F54-1234-91B45A30441C}"
	ProjectSection(ProjectDependencies) = postProject
		{254C6F00-6DE5-44A6-AD44-ACABA8912381} = {254C6F00-6DE5-44A6-AD44-ACABA8912381}
	EndProjectSection
EndProject
Project("{8BC9CEB8-8B4A-11D0-8D11-00A0C91BC942}") = "_eventlogs", "_eventlogs.vcproj", "{AA54CD22-E1E1-4A00-1374-EE6959D85DBE}"
	ProjectSection(ProjectDependencies) = postProject
		{254C6F00-6DE5-44A6-AD44-ACABA8912381} = {254C6F00-6DE5-44A6-AD44-ACABA8912381}
	EndProjectSection
EndProject
Project("{8BC9CEB8-8B4A-11D0-8D11-00A0C91BC942}") = "_sqlitedb", "_sqlitedb.vcproj", "{4858B743-85F4-914A-70C8-6EE226B2D423}"
	ProjectSection(ProjectDependencies) = postProject
		{254C6F00-6DE5-44A6-AD44-ACABA8912381} = {254C6F00-6DE5-44A6-AD44-ACABA8912381}
	EndProjectSection
EndProject
Global
	GlobalSection(SolutionConfigurationPlatforms) = preSolution
		Debug|Win32 = Debug|Win32
		Release|Win32 = Release|Win32
	EndGlobalSection
	GlobalSection(ProjectConfigurationPlatforms) = postSolution
		{376997F9-057A-47C0-AE1C-4ED2A6FC1E64}.Debug|Win32.ActiveCfg = Debug|Win32
		{376997F9-057A-47C0-AE1C-4ED2A6FC1E64}.Debug|Win32.Build.0 = Debug|Win32
		{376997F9-057A-47C0-AE1C-4ED2A6FC1E64}.Release|Win32.ActiveCfg = Release|Win32
		{376997F9-057A-47C0-AE1C-4ED2A6FC1E64}.Release|Win32.Build.0 = Release|Win32
		{F165A72F-E9AE-4804-BD90-81720AC05449}.Debug|Win32.ActiveCfg = Debug|Win32
		{F165A72F-E9AE-4804-BD90-81720AC05449}.Debug|Win32.Build.0 = Debug|Win32
		{F165A72F-E9AE-4804-BD90-81720AC05449}.Release|Win32.ActiveCfg = Release|Win32
		{F165A72F-E9AE-4804-BD90-81720AC05449}.Release|Win32.Build.0 = Release|Win32
		{B1E0D82A-DB84-4D66-A30D-D028D96D8315}.Debug|Win32.ActiveCfg = Debug|Win32
		{B1E0D82A-DB84-4D66-A30D-D028D96D8315}.Debug|Win32.Build.0 = Debug|Win32
		{B1E0D82A-DB84-4D66-A30D-D028D96D8315}.Release|Win32.ActiveCfg = Release|Win32
		{B1E0D82A-DB84-4D66-A30D-D028D96D8315}.Release|Win32.Build.0 = Release|Win32
		{254C6F00-6DE5-44A6-AD44-ACABA8912381}.Debug|Win32.ActiveCfg = Debug|Win32
		{254C6F00-6DE5-44A6-AD44-ACABA8912381}.Debug|Win32.Build.0 = Debug|Win32
		{254C6F00-6DE5-44A6-AD44-ACABA8912381}.Release|Win32.ActiveCfg = Release|Win32
		{254C6F00-6DE5-44A6-AD44-ACABA8912381}.Release|Win32.Build.0 = Release|Win32
		{BE362993-354F-4315-B878-05E952E1D164}.Debug|Win32.ActiveCfg = Debug|Win32
		{BE362993-354F-4315-B878-05E952E1D164}.Debug|Win32.Build.0 = Debug|Win32
		{BE362993-354F-4315-B878-05E952E1D164}.Release|Win32.ActiveCfg = Release|Win32
		{BE362993-354F-4315-B878-05E952E1D164}.Release|Win32.Build.0 = Release|Win32
		{B1015F66-0C3D-43DA-8329-15FB43D2F74B}.Debug|Win32.ActiveCfg = Debug|Win32
		{B1015F66-0C3D-43DA-8329-15FB43D2F74B}.Debug|Win32.Build.0 = Debug|Win32
		{B1015F66-0C3D-43DA-8329-15FB43D2F74B}.Release|Win32.ActiveCfg = Release|Win32
		{B1015F66-0C3D-43DA-8329-15FB43D2F74B}.Release|Win32.Build.0 = Release|Win32
		{CF9A3DF9-4CD7-4C42-8A6D-3369953BB503}.Debug|Win32.ActiveCfg = Debug|Win32
		{CF9A3DF9-4CD7-4C42-8A6D-3369953BB503}.Debug|Win32.Build.0 = Debug|Win32
		{CF9A3DF9-4CD7-4C42-8A6D-3369953BB503}.Release|Win32.ActiveCfg = Release|Win32
		{CF9A3DF9-4CD7-4C42-8A6D-3369953BB503}.Release|Win32.Build.0 = Release|Win32
		{DD6B8D9A-4BBF-4C48-81E5-7A2910B12395}.Debug|Win32.ActiveCfg = Debug|Win32
		{DD6B8D9A-4BBF-4C48-81E5-7A2910B12395}.Debug|Win32.Build.0 = Debug|Win32
		{DD6B8D9A-4BBF-4C48-81E5-7A2910B12395}.Release|Win32.ActiveCfg = Release|Win32
		{DD6B8D9A-4BBF-4C48-81E5-7A2910B12395}.Release|Win32.Build.0 = Release|Win32
		{AA54CD1D-E1E1-4A00-9974-EE6924D85DBD}.Debug|Win32.ActiveCfg = Debug|Win32
		{AA54CD1D-E1E1-4A00-9974-EE6924D85DBD}.Debug|Win32.Build.0 = Debug|Win32
		{AA54CD1D-E1E1-4A00-9974-EE6924D85DBD}.Release|Win32.ActiveCfg = Release|Win32
		{AA54CD1D-E1E1-4A00-9974-EE6924D85DBD}.Release|Win32.Build.0 = Release|Win32
		{F411C93D-FAD5-471C-9F6E-7CCE66DFCBFC}.Debug|Win32.ActiveCfg = Debug|Win32
		{F411C93D-FAD5-471C-9F6E-7CCE66DFCBFC}.Debug|Win32.Build.0 = Debug|Win32
		{F411C93D-FAD5-471C-9F6E-7CCE66DFCBFC}.Release|Win32.ActiveCfg = Release|Win32
		{F411C93D-FAD5-471C-9F6E-7CCE66DFCBFC}.Release|Win32.Build.0 = Release|Win32
		{5F4005AA-CB7F-47C8-8598-726F5C506964}.Debug|Win32.ActiveCfg = Debug|Win32
		{5F4005AA-CB7F-47C8-8598-726F5C506964}.Debug|Win32.Build.0 = Debug|Win32
		{5F4005AA-CB7F-47C8-8598-726F5C506964}.Release|Win32.ActiveCfg = Release|Win32
		{5F4005AA-CB7F-47C8-8598-726F5C506964}.Release|Win32.Build.0 = Release|Win32
		{BA27419A-2595-49D6-B363-492B1180E885}.Debug|Win32.ActiveCfg = Debug|Win32
		{BA27419A-2595-49D6-B363-492B1180E885}.Debug|Win32.Build.0 = Debug|Win32
		{BA27419A-2595-49D6-B363-492B1180E885}.Release|Win32.ActiveCfg = Release|Win32
		{BA27419A-2595-49D6-B363-492B1180E885}.Release|Win32.Build.0 = Release|Win32
		{42B76F17-895F-4B1C-B783-7AAC92AFD56E}.Debug|Win32.ActiveCfg = Debug|Win32
		{42B76F17-895F-4B1C-B783-7AAC92AFD56E}.Debug|Win32.Build.0 = Debug|Win32
		{42B76F17-895F-4B1C-B783-7AAC92AFD56E}.Release|Win32.ActiveCfg = Release|Win32
		{42B76F17-895F-4B1C-B783-7AAC92AFD56E}.Release|Win32.Build.0 = Release|Win32
		{E8EE0F54-0D2B-48FF-B2AF-6E268442A4D1}.Debug|Win32.ActiveCfg = Debug|Win32
		{E8EE0F54-0D2B-48FF-B2AF-6E268442A4D1}.Debug|Win32.Build.0 = Debug|Win32
		{E8EE0F54-0D2B-48FF-B2AF-6E268442A4D1}.Release|Win32.ActiveCfg = Release|Win32
		{E8EE0F54-0D2B-48FF-B2AF-6E268442A4D1}.Release|Win32.Build.0 = Release|Win32
		{39A36BD8-0028-42F7-8D23-181D9ED9A92E}.Debug|Win32.ActiveCfg = Debug|Win32
		{39A36BD8-0028-42F7-8D23-181D9ED9A92E}.Debug|Win32.Build.0 = Debug|Win32
		{39A36BD8-0028-42F7-8D23-181D9ED9A92E}.Release|Win32.ActiveCfg = Release|Win32
		{39A36BD8-0028-42F7-8D23-181D9ED9A92E}.Release|Win32.Build.0 = Release|Win32
		{F9AD69D6-58FE-4FED-B974-400BAA6BF0E6}.Debug|Win32.ActiveCfg = Debug|Win32
		{F9AD69D6-58FE-4FED-B974-400BAA6BF0E6}.Debug|Win32.Build.0 = Debug|Win32
		{F9AD69D6-58FE-4FED-B974-400BAA6BF0E6}.Release|Win32.ActiveCfg = Release|Win32
		{F9AD69D6-58FE-4FED-B974-400BAA6BF0E6}.Release|Win32.Build.0 = Release|Win32
		{A9CA94EB-27BA-46FA-A585-94D36706C4D7}.Debug|Win32.ActiveCfg = Debug|Win32
		{A9CA94EB-27BA-46FA-A585-94D36706C4D7}.Debug|Win32.Build.0 = Debug|Win32
		{A9CA94EB-27BA-46FA-A585-94D36706C4D7}.Release|Win32.ActiveCfg = Release|Win32
		{A9CA94EB-27BA-46FA-A585-94D36706C4D7}.Release|Win32.Build.0 = Release|Win32
		{34AC2018-91F1-41AF-A839-47DCF27D4434}.Debug|Win32.ActiveCfg = Debug|Win32
		{34AC2018-91F1-41AF-A839-47DCF27D4434}.Debug|Win32.Build.0 = Debug|Win32
		{34AC2018-91F1-41AF-A839-47DCF27D4434}.Release|Win32.ActiveCfg = Release|Win32
		{34AC2018-91F1-41AF-A839-47DCF27D4434}.Release|Win32.Build.0 = Release|Win32
		{130EC95B-8851-4946-B0B5-6091CE3EFB00}.Debug|Win32.ActiveCfg = Debug|Win32
		{130EC95B-8851-4946-B0B5-6091CE3EFB00}.Debug|Win32.Build.0 = Debug|Win32
		{130EC95B-8851-4946-B0B5-6091CE3EFB00}.Release|Win32.ActiveCfg = Release|Win32
		{130EC95B-8851-4946-B0B5-6091CE3EFB00}.Release|Win32.Build.0 = Release|Win32
		{8CF9A752-8606-4819-99D8-CE3C4E744F85}.Debug|Win32.ActiveCfg = Debug|Win32
		{8CF9A752-8606-4819-99D8-CE3C4E744F85}.Debug|Win32.Build.0 = Debug|Win32
		{8CF9A752-8606-4819-99D8-CE3C4E744F85}.Release|Win32.ActiveCfg = Release|Win32
		{8CF9A752-8606-4819-99D8-CE3C4E744F85}.Release|Win32.Build.0 = Release|Win32
		{DC897705-0065-4FA0-B1C2-5A3E75240A95}.Debug|Win32.ActiveCfg = Debug|Win32
		{DC897705-0065-4FA0-B1C2-5A3E75240A95}.Debug|Win32.Build.0 = Debug|Win32
		{DC897705-0065-4FA0-B1C2-5A3E75240A95}.Release|Win32.ActiveCfg = Release|Win32
		{DC897705-0065-4FA0-B1C2-5A3E75240A95}.Release|Win32.Build.0 = Release|Win32
		{4490F42E-C4AE-4776-AE4D-490CABA6316E}.Debug|Win32.ActiveCfg = Debug|Win32
		{4490F42E-C4AE-4776-AE4D-490CABA6316E}.Debug|Win32.Build.0 = Debug|Win32
		{4490F42E-C4AE-4776-AE4D-490CABA6316E}.Release|Win32.ActiveCfg = Release|Win32
		{4490F42E-C4AE-4776-AE4D-490CABA6316E}.Release|Win32.Build.0 = Release|Win32
		{F85C5686-5E6E-490E-99F7-6B8E1776CF71}.Debug|Win32.ActiveCfg = Debug|Win32
		{F85C5686-5E6E-490E-99F7-6B8E1776CF71}.Debug|Win32.Build.0 = Debug|Win32
		{F85C5686-5E6E-490E-99F7-6B8E1776CF71}.Release|Win32.ActiveCfg = Release|Win32
		{F85C5686-5E6E-490E-99F7-6B8E1776CF71}.Release|Win32.Build.0 = Release|Win32
		{2358F303-8EF4-404A-80C8-6E1826B2D423}.Debug|Win32.ActiveCfg = Debug|Win32
		{2358F303-8EF4-404A-80C8-6E1826B2D423}.Debug|Win32.Build.0 = Debug|Win32
		{2358F303-8EF4-404A-80C8-6E1826B2D423}.Release|Win32.ActiveCfg = Release|Win32
		{2358F303-8EF4-404A-80C8-6E1826B2D423}.Release|Win32.Build.0 = Release|Win32
		{5F248A16-8E3D-497A-8E68-F9E08971F583}.Debug|Win32.ActiveCfg = Debug|Win32
		{5F248A16-8E3D-497A-8E68-F9E08971F583}.Debug|Win32.Build.0 = Debug|Win32
		{5F248A16-8E3D-497A-8E68-F9E08971F583}.Release|Win32.ActiveCfg = Release|Win32
		{5F248A16-8E3D-497A-8E68-F9E08971F583}.Release|Win32.Build.0 = Release|Win32
		{06121688-9DC7-4032-B366-9862CDE6D313}.Debug|Win32.ActiveCfg = Debug|Win32
		{06121688-9DC7-4032-B366-9862CDE6D313}.Debug|Win32.Build.0 = Debug|Win32
		{06121688-9DC7-4032-B366-9862CDE6D313}.Release|Win32.ActiveCfg = Release|Win32
		{06121688-9DC7-4032-B366-9862CDE6D313}.Release|Win32.Build.0 = Release|Win32
		{5E489550-A745-4A24-BBC4-FD4BE5333865}.Debug|Win32.ActiveCfg = Debug|Win32
		{5E489550-A745-4A24-BBC4-FD4BE5333865}.Debug|Win32.Build.0 = Debug|Win32
		{5E489550-A745-4A24-BBC4-FD4BE5333865}.Release|Win32.ActiveCfg = Release|Win32
		{5E489550-A745-4A24-BBC4-FD4BE5333865}.Release|Win32.Build.0 = Release|Win32
		{A9670DE2-5B1D-403C-9225-75135605C790}.Debug|Win32.ActiveCfg = Debug|Win32
		{A9670DE2-5B1D-403C-9225-75135605C790}.Debug|Win32.Build.0 = Debug|Win32
		{A9670DE2-5B1D-403C-9225-75135605C790}.Release|Win32.ActiveCfg = Release|Win32
		{A9670DE2-5B1D-403C-9225-75135605C790}.Release|Win32.Build.0 = Release|Win32
		{88C1CCEC-C1AF-4888-A4A1-C0798EDB3947}.Debug|Win32.ActiveCfg = Debug|Win32
		{88C1CCEC-C1AF-4888-A4A1-C0798EDB3947}.Debug|Win32.Build.0 = Debug|Win32
		{88C1CCEC-C1AF-4888-A4A1-C0798EDB3947}.Release|Win32.ActiveCfg = Release|Win32
		{88C1CCEC-C1AF-4888-A4A1-C0798EDB3947}.Release|Win32.Build.0 = Release|Win32
		{253846DF-22F7-44BD-ADFB-EE162C193637}.Debug|Win32.ActiveCfg = Debug|Win32
		{253846DF-22F7-44BD-ADFB-EE162C193637}.Debug|Win32.Build.0 = Debug|Win32
		{253846DF-22F7-44BD-ADFB-EE162C193637}.Release|Win32.ActiveCfg = Release|Win32
		{253846DF-22F7-44BD-ADFB-EE162C193637}.Release|Win32.Build.0 = Release|Win32
		{125E8721-4B2C-4544-9EE5-8B16883662BE}.Debug|Win32.ActiveCfg = Debug|Win32
		{125E8721-4B2C-4544-9EE5-8B16883662BE}.Debug|Win32.Build.0 = Debug|Win32
		{125E8721-4B2C-4544-9EE5-8B16883662BE}.Release|Win32.ActiveCfg = Release|Win32
		{125E8721-4B2C-4544-9EE5-8B16883662BE}.Release|Win32.Build.0 = Release|Win32
		{E476FF31-5429-470F-928C-491D09FB4C3F}.Debug|Win32.ActiveCfg = Debug|Win32
		{E476FF31-5429-470F-928C-491D09FB4C3F}.Debug|Win32.Build.0 = Debug|Win32
		{E476FF31-5429-470F-928C-491D09FB4C3F}.Release|Win32.ActiveCfg = Release|Win32
		{E476FF31-5429-470F-928C-491D09FB4C3F}.Release|Win32.Build.0 = Release|Win32
		{879C9A23-1081-4630-9509-9F0890B70CED}.Debug|Win32.ActiveCfg = Debug|Win32
		{879C9A23-1081-4630-9509-9F0890B70CED}.Debug|Win32.Build.0 = Debug|Win32
		{879C9A23-1081-4630-9509-9F0890B70CED}.Release|Win32.ActiveCfg = Release|Win32
		{879C9A23-1081-4630-9509-9F0890B70CED}.Release|Win32.Build.0 = Release|Win32
		{CF38A7D1-219E-4787-9E98-14693C08D588}.Debug|Win32.ActiveCfg = Debug|Win32
		{CF38A7D1-219E-4787-9E98-14693C08D588}.Debug|Win32.Build.0 = Debug|Win32
		{CF38A7D1-219E-4787-9E98-14693C08D588}.Release|Win32.ActiveCfg = Release|Win32
		{CF38A7D1-219E-4787-9E98-14693C08D588}.Release|Win32.Build.0 = Release|Win32
		{889C65FD-CBA9-4E88-B380-DE2640A140A7}.Debug|Win32.ActiveCfg = Debug|Win32
		{889C65FD-CBA9-4E88-B380-DE2640A140A7}.Debug|Win32.Build.0 = Debug|Win32
		{889C65FD-CBA9-4E88-B380-DE2640A140A7}.Release|Win32.ActiveCfg = Release|Win32
		{889C65FD-CBA9-4E88-B380-DE2640A140A7}.Release|Win32.Build.0 = Release|Win32
		{C296BBF2-AD56-4249-AEF6-C04B03131474}.Debug|Win32.ActiveCfg = Debug|Win32
		{C296BBF2-AD56-4249-AEF6-C04B03131474}.Debug|Win32.Build.0 = Debug|Win32
		{C296BBF2-AD56-4249-AEF6-C04B03131474}.Release|Win32.ActiveCfg = Release|Win32
		{C296BBF2-AD56-4249-AEF6-C04B03131474}.Release|Win32.Build.0 = Release|Win32
		{6E6F6DC8-4B8F-4237-9FEC-BE3BBF268558}.Debug|Win32.ActiveCfg = Debug|Win32
		{6E6F6DC8-4B8F-4237-9FEC-BE3BBF268558}.Debug|Win32.Build.0 = Debug|Win32
		{6E6F6DC8-4B8F-4237-9FEC-BE3BBF268558}.Release|Win32.ActiveCfg = Release|Win32
		{6E6F6DC8-4B8F-4237-9FEC-BE3BBF268558}.Release|Win32.Build.0 = Release|Win32
		{F00FDFE8-BCCE-4894-8414-91B47C11691C}.Debug|Win32.ActiveCfg = Debug|Win32
		{F00FDFE8-BCCE-4894-8414-91B47C11691C}.Debug|Win32.Build.0 = Debug|Win32
		{F00FDFE8-BCCE-4894-8414-91B47C11691C}.Release|Win32.ActiveCfg = Release|Win32
		{F00FDFE8-BCCE-4894-8414-91B47C11691C}.Release|Win32.Build.0 = Release|Win32
		{3EA5873D-E3FA-4CA4-B8BB-8FE4183652A1}.Debug|Win32.ActiveCfg = Debug|Win32
		{3EA5873D-E3FA-4CA4-B8BB-8FE4183652A1}.Debug|Win32.Build.0 = Debug|Win32
		{3EA5873D-E3FA-4CA4-B8BB-8FE4183652A1}.Release|Win32.ActiveCfg = Release|Win32
		{3EA5873D-E3FA-4CA4-B8BB-8FE4183652A1}.Release|Win32.Build.0 = Release|Win32
		{2C0F6C29-318D-4FF6-82EE-49E6418F4C51}.Debug|Win32.ActiveCfg = Debug|Win32
		{2C0F6C29-318D-4FF6-82EE-49E6418F4C51}.Debug|Win32.Build.0 = Debug|Win32
		{2C0F6C29-318D-4FF6-82EE-49E6418F4C51}.Release|Win32.ActiveCfg = Release|Win32
		{2C0F6C29-318D-4FF6-82EE-49E6418F4C51}.Release|Win32.Build.0 = Release|Win32
		{11BDB689-6A50-48AC-9D2E-1DF68E53510C}.Debug|Win32.ActiveCfg = Debug|Win32
		{11BDB689-6A50-48AC-9D2E-1DF68E53510C}.Debug|Win32.Build.0 = Debug|Win32
		{11BDB689-6A50-48AC-9D2E-1DF68E53510C}.Release|Win32.ActiveCfg = Release|Win32
		{11BDB689-6A50-48AC-9D2E-1DF68E53510C}.Release|Win32.Build.0 = Release|Win32
		{A6E6D5DF-8C1B-4859-95E7-084467D8E812}.Debug|Win32.ActiveCfg = Debug|Win32
		{A6E6D5DF-8C1B-4859-95E7-084467D8E812}.Debug|Win32.Build.0 = Debug|Win32
		{A6E6D5DF-8C1B-4859-95E7-084467D8E812}.Release|Win32.ActiveCfg = Release|Win32
		{A6E6D5DF-8C1B-4859-95E7-084467D8E812}.Release|Win32.Build.0 = Release|Win32
		{8B67BE6A-B42B-47CA-8188-99A890786A3A}.Debug|Win32.ActiveCfg = Debug|Win32
		{8B67BE6A-B42B-47CA-8188-99A890786A3A}.Debug|Win32.Build.0 = Debug|Win32
		{8B67BE6A-B42B-47CA-8188-99A890786A3A}.Release|Win32.ActiveCfg = Release|Win32
		{8B67BE6A-B42B-47CA-8188-99A890786A3A}.Release|Win32.Build.0 = Release|Win32
		{14D986D9-75A8-48D3-8412-4536A4B610BC}.Debug|Win32.ActiveCfg = Debug|Win32
		{14D986D9-75A8-48D3-8412-4536A4B610BC}.Debug|Win32.Build.0 = Debug|Win32
		{14D986D9-75A8-48D3-8412-4536A4B610BC}.Release|Win32.ActiveCfg = Release|Win32
		{14D986D9-75A8-48D3-8412-4536A4B610BC}.Release|Win32.Build.0 = Release|Win32
		{799C2C3A-9AA1-41C0-BD24-B35D83A564E2}.Debug|Win32.ActiveCfg = Debug|Win32
		{799C2C3A-9AA1-41C0-BD24-B35D83A564E2}.Debug|Win32.Build.0 = Debug|Win32
		{799C2C3A-9AA1-41C0-BD24-B35D83A564E2}.Release|Win32.ActiveCfg = Release|Win32
		{799C2C3A-9AA1-41C0-BD24-B35D83A564E2}.Release|Win32.Build.0 = Release|Win32
		{67CD1DCE-38FA-4705-BD7D-D7717C8CE93D}.Debug|Win32.ActiveCfg = Debug|Win32
		{67CD1DCE-38FA-4705-BD7D-D7717C8CE93D}.Debug|Win32.Build.0 = Debug|Win32
		{67CD1DCE-38FA-4705-BD7D-D7717C8CE93D}.Release|Win32.ActiveCfg = Release|Win32
		{67CD1DCE-38FA-4705-BD7D-D7717C8CE93D}.Release|Win32.Build.0 = Release|Win32
		{554E2C8A-41AE-46F4-AB70-06C676CEB2D0}.Debug|Win32.ActiveCfg = Debug|Win32
		{554E2C8A-41AE-46F4-AB70-06C676CEB2D0}.Debug|Win32.Build.0 = Debug|Win32
		{554E2C8A-41AE-46F4-AB70-06C676CEB2D0}.Release|Win32.ActiveCfg = Release|Win32
		{554E2C8A-41AE-46F4-AB70-06C676CEB2D0}.Release|Win32.Build.0 = Release|Win32
		{33730274-2D2F-47A5-94C9-FABEE8266AFC}.Debug|Win32.ActiveCfg = Debug|Win32
		{33730274-2D2F-47A5-94C9-FABEE8266AFC}.Debug|Win32.Build.0 = Debug|Win32
		{33730274-2D2F-47A5-94C9-FABEE8266AFC}.Release|Win32.ActiveCfg = Release|Win32
		{33730274-2D2F-47A5-94C9-FABEE8266AFC}.Release|Win32.Build.0 = Release|Win32
		{D01C44EA-8D3D-4F04-A833-BA0861E119A4}.Debug|Win32.ActiveCfg = Debug|Win32
		{D01C44EA-8D3D-4F04-A833-BA0861E119A4}.Debug|Win32.Build.0 = Debug|Win32
		{D01C44EA-8D3D-4F04-A833-BA0861E119A4}.Release|Win32.ActiveCfg = Release|Win32
		{D01C44EA-8D3D-4F04-A833-BA0861E119A4}.Release|Win32.Build.0 = Release|Win32
		{C99A3794-EAF8-4D99-A09B-595ED0F00206}.Debug|Win32.ActiveCfg = Debug|Win32
		{C99A3794-EAF8-4D99-A09B-595ED0F00206}.Debug|Win32.Build.0 = Debug|Win32
		{C99A3794-EAF8-4D99-A09B-595ED0F00206}.Release|Win32.ActiveCfg = Release|Win32
		{C99A3794-EAF8-4D99-A09B-595ED0F00206}.Release|Win32.Build.0 = Release|Win32
		{88B0C2FB-F813-4C85-BCE3-1629A2F8FE09}.Debug|Win32.ActiveCfg = Debug|Win32
		{88B0C2FB-F813-4C85-BCE3-1629A2F8FE09}.Debug|Win32.Build.0 = Debug|Win32
		{88B0C2FB-F813-4C85-BCE3-1629A2F8FE09}.Release|Win32.ActiveCfg = Release|Win32
		{88B0C2FB-F813-4C85-BCE3-1629A2F8FE09}.Release|Win32.Build.0 = Release|Win32
		{496A2084-FFED-4F73-8C85-170042A34F38}.Debug|Win32.ActiveCfg = Debug|Win32
		{496A2084-FFED-4F73-8C85-170042A34F38}.Debug|Win32.Build.0 = Debug|Win32
		{496A2084-FFED-4F73-8C85-170042A34F38}.Release|Win32.ActiveCfg = Release|Win32
		{496A2084-FFED-4F73-8C85-170042A34F38}.Release|Win32.Build.0 = Release|Win32
		{14D976D9-76B8-48D3-8312-4539D4B610BC}.Debug|Win32.ActiveCfg = Debug|Win32
		{14D976D9-76B8-48D3-8312-4539D4B610BC}.Debug|Win32.Build.0 = Debug|Win32
		{14D976D9-76B8-48D3-8312-4539D4B610BC}.Release|Win32.ActiveCfg = Release|Win32
		{14D976D9-76B8-48D3-8312-4539D4B610BC}.Release|Win32.Build.0 = Release|Win32
		{13C976D9-7674-32D3-6612-4B89D4B610BC}.Debug|Win32.ActiveCfg = Debug|Win32
		{13C976D9-7674-32D3-6612-4B89D4B610BC}.Debug|Win32.Build.0 = Debug|Win32
		{13C976D9-7674-32D3-6612-4B89D4B610BC}.Release|Win32.ActiveCfg = Release|Win32
		{13C976D9-7674-32D3-6612-4B89D4B610BC}.Release|Win32.Build.0 = Release|Win32
		{5F4005CD-2BA3-40C8-8348-726F5C99D964}.Debug|Win32.ActiveCfg = Debug|Win32
		{5F4005CD-2BA3-40C8-8348-726F5C99D964}.Debug|Win32.Build.0 = Debug|Win32
		{5F4005CD-2BA3-40C8-8348-726F5C99D964}.Release|Win32.ActiveCfg = Release|Win32
		{5F4005CD-2BA3-40C8-8348-726F5C99D964}.Release|Win32.Build.0 = Release|Win32
		{8A30C2FB-E471-9C74-AA33-1629A2F8424E}.Debug|Win32.ActiveCfg = Debug|Win32
		{8A30C2FB-E471-9C74-AA33-1629A2F8424E}.Debug|Win32.Build.0 = Debug|Win32
		{8A30C2FB-E471-9C74-AA33-1629A2F8424E}.Release|Win32.ActiveCfg = Release|Win32
		{8A30C2FB-E471-9C74-AA33-1629A2F8424E}.Release|Win32.Build.0 = Release|Win32
		{715276DA-C422-9983-5C31-8DE434B610BC}.Debug|Win32.ActiveCfg = Debug|Win32
		{715276DA-C422-9983-5C31-8DE434B610BC}.Debug|Win32.Build.0 = Debug|Win32
		{715276DA-C422-9983-5C31-8DE434B610BC}.Release|Win32.ActiveCfg = Release|Win32
		{715276DA-C422-9983-5C31-8DE434B610BC}.Release|Win32.Build.0 = Release|Win32
		{715210DA-373F-89D2-577E-8DE41AA610BC}.Debug|Win32.ActiveCfg = Debug|Win32
		{715210DA-373F-89D2-577E-8DE41AA610BC}.Debug|Win32.Build.0 = Debug|Win32
		{715210DA-373F-89D2-577E-8DE41AA610BC}.Release|Win32.ActiveCfg = Release|Win32
		{715210DA-373F-89D2-577E-8DE41AA610BC}.Release|Win32.Build.0 = Release|Win32
		{1254C781-292C-48F4-9CB6-93338721E89C}.Debug|Win32.ActiveCfg = Debug|Win32
		{1254C781-292C-48F4-9CB6-93338721E89C}.Debug|Win32.Build.0 = Debug|Win32
		{1254C781-292C-48F4-9CB6-93338721E89C}.Release|Win32.ActiveCfg = Release|Win32
		{1254C781-292C-48F4-9CB6-93338721E89C}.Release|Win32.Build.0 = Release|Win32
		{E98D46ED-71CD-7146-5CD8-16C08BC0A45C}.Debug|Win32.ActiveCfg = Debug|Win32
		{E98D46ED-71CD-7146-5CD8-16C08BC0A45C}.Debug|Win32.Build.0 = Debug|Win32
		{E98D46ED-71CD-7146-5CD8-16C08BC0A45C}.Release|Win32.ActiveCfg = Release|Win32
		{E98D46ED-71CD-7146-5CD8-16C08BC0A45C}.Release|Win32.Build.0 = Release|Win32
		{E91387A2-D00D-6BF1-A230-44C8070A985F}.Debug|Win32.ActiveCfg = Debug|Win32
		{E91387A2-D00D-6BF1-A230-44C8070A985F}.Debug|Win32.Build.0 = Debug|Win32
		{E91387A2-D00D-6BF1-A230-44C8070A985F}.Release|Win32.ActiveCfg = Release|Win32
		{E91387A2-D00D-6BF1-A230-44C8070A985F}.Release|Win32.Build.0 = Release|Win32
		{10AAB2D2-1FBB-46E5-B20E-3C5F1CC24BCD}.Debug|Win32.ActiveCfg = Debug|Win32
		{10AAB2D2-1FBB-46E5-B20E-3C5F1CC24BCD}.Debug|Win32.Build.0 = Debug|Win32
		{10AAB2D2-1FBB-46E5-B20E-3C5F1CC24BCD}.Release|Win32.ActiveCfg = Release|Win32
		{10AAB2D2-1FBB-46E5-B20E-3C5F1CC24BCD}.Release|Win32.Build.0 = Release|Win32
		{56A805CD-59D3-41AE-8992-2A2F5C99DC67}.Debug|Win32.ActiveCfg = Debug|Win32
		{56A805CD-59D3-41AE-8992-2A2F5C99DC67}.Debug|Win32.Build.0 = Debug|Win32
		{56A805CD-59D3-41AE-8992-2A2F5C99DC67}.Release|Win32.ActiveCfg = Release|Win32
		{56A805CD-59D3-41AE-8992-2A2F5C99DC67}.Release|Win32.Build.0 = Release|Win32
		{2F410A9D-D671-4928-7ACF-7268AF39D934}.Debug|Win32.ActiveCfg = Debug|Win32
		{2F410A9D-D671-4928-7ACF-7268AF39D934}.Debug|Win32.Build.0 = Debug|Win32
		{2F410A9D-D671-4928-7ACF-7268AF39D934}.Release|Win32.ActiveCfg = Release|Win32
		{2F410A9D-D671-4928-7ACF-7268AF39D934}.Release|Win32.Build.0 = Release|Win32
		{AB883DE2-2AE9-C12C-9F34-753E10B5C790}.Debug|Win32.ActiveCfg = Debug|Win32
		{AB883DE2-2AE9-C12C-9F34-753E10B5C790}.Debug|Win32.Build.0 = Debug|Win32
		{AB883DE2-2AE9-C12C-9F34-753E10B5C790}.Release|Win32.ActiveCfg = Release|Win32
		{AB883DE2-2AE9-C12C-9F34-753E10B5C790}.Release|Win32.Build.0 = Release|Win32
		{7E21A792-7D06-4239-3AE8-CE110C644F85}.Debug|Win32.ActiveCfg = Debug|Win32
		{7E21A792-7D06-4239-3AE8-CE110C644F85}.Debug|Win32.Build.0 = Debug|Win32
		{7E21A792-7D06-4239-3AE8-CE110C644F85}.Release|Win32.ActiveCfg = Release|Win32
		{7E21A792-7D06-4239-3AE8-CE110C644F85}.Release|Win32.Build.0 = Release|Win32
		{8330C290-5F71-33E4-A553-162E1BC8424E}.Debug|Win32.ActiveCfg = Debug|Win32
		{8330C290-5F71-33E4-A553-162E1BC8424E}.Debug|Win32.Build.0 = Debug|Win32
		{8330C290-5F71-33E4-A553-162E1BC8424E}.Release|Win32.ActiveCfg = Release|Win32
		{8330C290-5F71-33E4-A553-162E1BC8424E}.Release|Win32.Build.0 = Release|Win32
		{8B54AE6A-9F1B-4B88-20C8-9D7790786A3A}.Debug|Win32.ActiveCfg = Debug|Win32
		{8B54AE6A-9F1B-4B88-20C8-9D7790786A3A}.Debug|Win32.Build.0 = Debug|Win32
		{8B54AE6A-9F1B-4B88-20C8-9D7790786A3A}.Release|Win32.ActiveCfg = Release|Win32
		{8B54AE6A-9F1B-4B88-20C8-9D7790786A3A}.Release|Win32.Build.0 = Release|Win32
		{A9C6A983-C901-5B87-1147-6AD36C5FE4D7}.Debug|Win32.ActiveCfg = Debug|Win32
		{A9C6A983-C901-5B87-1147-6AD36C5FE4D7}.Debug|Win32.Build.0 = Debug|Win32
		{A9C6A983-C901-5B87-1147-6AD36C5FE4D7}.Release|Win32.ActiveCfg = Release|Win32
		{A9C6A983-C901-5B87-1147-6AD36C5FE4D7}.Release|Win32.Build.0 = Release|Win32
		{4A3E2C3A-58A1-41D4-B9B4-B35D83AC08E2}.Debug|Win32.ActiveCfg = Debug|Win32
		{4A3E2C3A-58A1-41D4-B9B4-B35D83AC08E2}.Debug|Win32.Build.0 = Debug|Win32
		{4A3E2C3A-58A1-41D4-B9B4-B35D83AC08E2}.Release|Win32.ActiveCfg = Release|Win32
		{4A3E2C3A-58A1-41D4-B9B4-B35D83AC08E2}.Release|Win32.Build.0 = Release|Win32
		{F08942E8-BCA0-4F54-C234-91B47C10441C}.Debug|Win32.ActiveCfg = Debug|Win32
		{F08942E8-BCA0-4F54-C234-91B47C10441C}.Debug|Win32.Build.0 = Debug|Win32
		{F08942E8-BCA0-4F54-C234-91B47C10441C}.Release|Win32.ActiveCfg = Release|Win32
		{F08942E8-BCA0-4F54-C234-91B47C10441C}.Release|Win32.Build.0 = Release|Win32
		{88C1CABC-C1AF-4888-A4A1-C0798EDB3947}.Debug|Win32.ActiveCfg = Debug|Win32
		{88C1CABC-C1AF-4888-A4A1-C0798EDB3947}.Debug|Win32.Build.0 = Debug|Win32
		{88C1CABC-C1AF-4888-A4A1-C0798EDB3947}.Release|Win32.ActiveCfg = Release|Win32
		{88C1CABC-C1AF-4888-A4A1-C0798EDB3947}.Release|Win32.Build.0 = Release|Win32
		{8AD176D9-C038-455F-C3A4-453D0AB610BC}.Debug|Win32.ActiveCfg = Debug|Win32
		{8AD176D9-C038-455F-C3A4-453D0AB610BC}.Debug|Win32.Build.0 = Debug|Win32
		{8AD176D9-C038-455F-C3A4-453D0AB610BC}.Release|Win32.ActiveCfg = Release|Win32
		{8AD176D9-C038-455F-C3A4-453D0AB610BC}.Release|Win32.Build.0 = Release|Win32
		{D6E03774-36D8-4029-ACD1-5074D0F0DB06}.Debug|Win32.ActiveCfg = Debug|Win32
		{D6E03774-36D8-4029-ACD1-5074D0F0DB06}.Debug|Win32.Build.0 = Debug|Win32
		{D6E03774-36D8-4029-ACD1-5074D0F0DB06}.Release|Win32.ActiveCfg = Release|Win32
		{D6E03774-36D8-4029-ACD1-5074D0F0DB06}.Release|Win32.Build.0 = Release|Win32
		{2BA805ED-19D3-4100-BC32-2AD05C9977A7}.Debug|Win32.ActiveCfg = Debug|Win32
		{2BA805ED-19D3-4100-BC32-2AD05C9977A7}.Debug|Win32.Build.0 = Debug|Win32
		{2BA805ED-19D3-4100-BC32-2AD05C9977A7}.Release|Win32.ActiveCfg = Release|Win32
		{2BA805ED-19D3-4100-BC32-2AD05C9977A7}.Release|Win32.Build.0 = Release|Win32
		{5F8D10EB-CC69-43E3-8120-33BF5628F26E}.Debug|Win32.ActiveCfg = Debug|Win32
		{5F8D10EB-CC69-43E3-8120-33BF5628F26E}.Debug|Win32.Build.0 = Debug|Win32
		{5F8D10EB-CC69-43E3-8120-33BF5628F26E}.Release|Win32.ActiveCfg = Release|Win32
		{5F8D10EB-CC69-43E3-8120-33BF5628F26E}.Release|Win32.Build.0 = Release|Win32
		{4A8E7731-3F2E-17B2-0398-12292A18D588}.Debug|Win32.ActiveCfg = Debug|Win32
		{4A8E7731-3F2E-17B2-0398-12292A18D588}.Debug|Win32.Build.0 = Debug|Win32
		{4A8E7731-3F2E-17B2-0398-12292A18D588}.Release|Win32.ActiveCfg = Release|Win32
		{4A8E7731-3F2E-17B2-0398-12292A18D588}.Release|Win32.Build.0 = Release|Win32
		{4A89273F-B02E-4792-2A78-14331A18778A}.Debug|Win32.ActiveCfg = Debug|Win32
		{4A89273F-B02E-4792-2A78-14331A18778A}.Debug|Win32.Build.0 = Debug|Win32
		{4A89273F-B02E-4792-2A78-14331A18778A}.Release|Win32.ActiveCfg = Release|Win32
		{4A89273F-B02E-4792-2A78-14331A18778A}.Release|Win32.Build.0 = Release|Win32
		{9F28A731-2E7E-9E22-719D-22FA2A18D588}.Debug|Win32.ActiveCfg = Debug|Win32
		{9F28A731-2E7E-9E22-719D-22FA2A18D588}.Debug|Win32.Build.0 = Debug|Win32
		{9F28A731-2E7E-9E22-719D-22FA2A18D588}.Release|Win32.ActiveCfg = Release|Win32
		{9F28A731-2E7E-9E22-719D-22FA2A18D588}.Release|Win32.Build.0 = Release|Win32
		{8AD10A2C-B76D-A35F-C105-4B3DF44810BC}.Debug|Win32.ActiveCfg = Debug|Win32
		{8AD10A2C-B76D-A35F-C105-4B3DF44810BC}.Debug|Win32.Build.0 = Debug|Win32
		{8AD10A2C-B76D-A35F-C105-4B3DF44810BC}.Release|Win32.ActiveCfg = Release|Win32
		{8AD10A2C-B76D-A35F-C105-4B3DF44810BC}.Release|Win32.Build.0 = Release|Win32
		{AB81DDE2-2AE9-C12C-9FAC-753E10B5C790}.Debug|Win32.ActiveCfg = Debug|Win32
		{AB81DDE2-2AE9-C12C-9FAC-753E10B5C790}.Debug|Win32.Build.0 = Debug|Win32
		{AB81DDE2-2AE9-C12C-9FAC-753E10B5C790}.Release|Win32.ActiveCfg = Release|Win32
		{AB81DDE2-2AE9-C12C-9FAC-753E10B5C790}.Release|Win32.Build.0 = Release|Win32
		{92D97332-5A18-4923-D872-4534427610BC}.Debug|Win32.ActiveCfg = Debug|Win32
		{92D97332-5A18-4923-D872-4534427610BC}.Debug|Win32.Build.0 = Debug|Win32
		{92D97332-5A18-4923-D872-4534427610BC}.Release|Win32.ActiveCfg = Release|Win32
		{92D97332-5A18-4923-D872-4534427610BC}.Release|Win32.Build.0 = Release|Win32
		{217302E0-3E1F-4799-AEA9-FAB442166AFC}.Debug|Win32.ActiveCfg = Debug|Win32
		{217302E0-3E1F-4799-AEA9-FAB442166AFC}.Debug|Win32.Build.0 = Debug|Win32
		{217302E0-3E1F-4799-AEA9-FAB442166AFC}.Release|Win32.ActiveCfg = Release|Win32
		{217302E0-3E1F-4799-AEA9-FAB442166AFC}.Release|Win32.Build.0 = Release|Win32
		{217F53E0-281F-4AB0-22A9-FF1242166AFC}.Debug|Win32.ActiveCfg = Debug|Win32
		{217F53E0-281F-4AB0-22A9-FF1242166AFC}.Debug|Win32.Build.0 = Debug|Win32
		{217F53E0-281F-4AB0-22A9-FF1242166AFC}.Release|Win32.ActiveCfg = Release|Win32
		{217F53E0-281F-4AB0-22A9-FF1242166AFC}.Release|Win32.Build.0 = Release|Win32
		{5E4AF250-6E45-4D14-5AC4-FD4BEC31A065}.Debug|Win32.ActiveCfg = Debug|Win32
		{5E4AF250-6E45-4D14-5AC4-FD4BEC31A065}.Debug|Win32.Build.0 = Debug|Win32
		{5E4AF250-6E45-4D14-5AC4-FD4BEC31A065}.Release|Win32.ActiveCfg = Release|Win32
		{5E4AF250-6E45-4D14-5AC4-FD4BEC31A065}.Release|Win32.Build.0 = Release|Win32
		{F857E286-AA6E-43C1-98F7-6B811276CF71}.Debug|Win32.ActiveCfg = Debug|Win32
		{F857E286-AA6E-43C1-98F7-6B811276CF71}.Debug|Win32.Build.0 = Debug|Win32
		{F857E286-AA6E-43C1-98F7-6B811276CF71}.Release|Win32.ActiveCfg = Release|Win32
		{F857E286-AA6E-43C1-98F7-6B811276CF71}.Release|Win32.Build.0 = Release|Win32
		{2FD20598-0ED3-4250-1F22-2670519857A7}.Debug|Win32.ActiveCfg = Debug|Win32
		{2FD20598-0ED3-4250-1F22-2670519857A7}.Debug|Win32.Build.0 = Debug|Win32
		{2FD20598-0ED3-4250-1F22-2670519857A7}.Release|Win32.ActiveCfg = Release|Win32
		{2FD20598-0ED3-4250-1F22-2670519857A7}.Release|Win32.Build.0 = Release|Win32
		{2FDE1998-0EA0-417F-1232-285A51985792}.Debug|Win32.ActiveCfg = Debug|Win32
		{2FDE1998-0EA0-417F-1232-285A51985792}.Debug|Win32.Build.0 = Debug|Win32
		{2FDE1998-0EA0-417F-1232-285A51985792}.Release|Win32.ActiveCfg = Release|Win32
		{2FDE1998-0EA0-417F-1232-285A51985792}.Release|Win32.Build.0 = Release|Win32
		{A9C3DA83-C901-5B87-1147-6DA361FFE4D7}.Debug|Win32.ActiveCfg = Debug|Win32
		{A9C3DA83-C901-5B87-1147-6DA361FFE4D7}.Debug|Win32.Build.0 = Debug|Win32
		{A9C3DA83-C901-5B87-1147-6DA361FFE4D7}.Release|Win32.ActiveCfg = Release|Win32
		{A9C3DA83-C901-5B87-1147-6DA361FFE4D7}.Release|Win32.Build.0 = Release|Win32
		{A9C34AB3-C901-5127-1147-6DA3FAFFE4D7}.Debug|Win32.ActiveCfg = Debug|Win32
		{A9C34AB3-C901-5127-1147-6DA3FAFFE4D7}.Debug|Win32.Build.0 = Debug|Win32
		{A9C34AB3-C901-5127-1147-6DA3FAFFE4D7}.Release|Win32.ActiveCfg = Release|Win32
		{A9C34AB3-C901-5127-1147-6DA3FAFFE4D7}.Release|Win32.Build.0 = Release|Win32
		{A9C3AC83-A201-5B87-1147-6D0961FFE4D7}.Debug|Win32.ActiveCfg = Debug|Win32
		{A9C3AC83-A201-5B87-1147-6D0961FFE4D7}.Debug|Win32.Build.0 = Debug|Win32
		{A9C3AC83-A201-5B87-1147-6D0961FFE4D7}.Release|Win32.ActiveCfg = Release|Win32
		{A9C3AC83-A201-5B87-1147-6D0961FFE4D7}.Release|Win32.Build.0 = Release|Win32
		{B2C3DA83-C901-5BA3-1147-6DA361FFD3D7}.Debug|Win32.ActiveCfg = Debug|Win32
		{B2C3DA83-C901-5BA3-1147-6DA361FFD3D7}.Debug|Win32.Build.0 = Debug|Win32
		{B2C3DA83-C901-5BA3-1147-6DA361FFD3D7}.Release|Win32.ActiveCfg = Release|Win32
		{B2C3DA83-C901-5BA3-1147-6DA361FFD3D7}.Release|Win32.Build.0 = Release|Win32
		{454C2EC4-909A-4A54-8F3E-F9015FF1D69B}.Debug|Win32.ActiveCfg = Debug|Win32
		{454C2EC4-909A-4A54-8F3E-F9015FF1D69B}.Debug|Win32.Build.0 = Debug|Win32
		{454C2EC4-909A-4A54-8F3E-F9015FF1D69B}.Release|Win32.ActiveCfg = Release|Win32
		{454C2EC4-909A-4A54-8F3E-F9015FF1D69B}.Release|Win32.Build.0 = Release|Win32
		{7E8CAE11-0729-4E65-9BE8-8C4D7D11839D}.Debug|Win32.ActiveCfg = Debug|Win32
		{7E8CAE11-0729-4E65-9BE8-8C4D7D11839D}.Debug|Win32.Build.0 = Debug|Win32
		{7E8CAE11-0729-4E65-9BE8-8C4D7D11839D}.Release|Win32.ActiveCfg = Release|Win32
		{7E8CAE11-0729-4E65-9BE8-8C4D7D11839D}.Release|Win32.Build.0 = Release|Win32
		{8721C91C-E1BB-4758-78A1-C0718EDFF940}.Debug|Win32.ActiveCfg = Debug|Win32
		{8721C91C-E1BB-4758-78A1-C0718EDFF940}.Debug|Win32.Build.0 = Debug|Win32
		{8721C91C-E1BB-4758-78A1-C0718EDFF940}.Release|Win32.ActiveCfg = Release|Win32
		{8721C91C-E1BB-4758-78A1-C0718EDFF940}.Release|Win32.Build.0 = Release|Win32
		{8C7E6907-5ACC-4143-B502-D610E5EB619B}.Debug|Win32.ActiveCfg = Debug|Win32
		{8C7E6907-5ACC-4143-B502-D610E5EB619B}.Debug|Win32.Build.0 = Debug|Win32
		{8C7E6907-5ACC-4143-B502-D610E5EB619B}.Release|Win32.ActiveCfg = Release|Win32
		{8C7E6907-5ACC-4143-B502-D610E5EB619B}.Release|Win32.Build.0 = Release|Win32
		{8C7E6912-5ACC-4143-B502-D643E5AB619B}.Debug|Win32.ActiveCfg = Debug|Win32
		{8C7E6912-5ACC-4143-B502-D643E5AB619B}.Debug|Win32.Build.0 = Debug|Win32
		{8C7E6912-5ACC-4143-B502-D643E5AB619B}.Release|Win32.ActiveCfg = Release|Win32
		{8C7E6912-5ACC-4143-B502-D643E5AB619B}.Release|Win32.Build.0 = Release|Win32
		{812E6912-5ADC-4143-BAE2-D649E5AB669B}.Debug|Win32.ActiveCfg = Debug|Win32
		{812E6912-5ADC-4143-BAE2-D649E5AB669B}.Debug|Win32.Build.0 = Debug|Win32
		{812E6912-5ADC-4143-BAE2-D649E5AB669B}.Release|Win32.ActiveCfg = Release|Win32
		{812E6912-5ADC-4143-BAE2-D649E5AB669B}.Release|Win32.Build.0 = Release|Win32
		{8A1E6012-5BCC-4143-B3D2-D643E2A5619B}.Debug|Win32.ActiveCfg = Debug|Win32
		{8A1E6012-5BCC-4143-B3D2-D643E2A5619B}.Debug|Win32.Build.0 = Debug|Win32
		{8A1E6012-5BCC-4143-B3D2-D643E2A5619B}.Release|Win32.ActiveCfg = Release|Win32
		{8A1E6012-5BCC-4143-B3D2-D643E2A5619B}.Release|Win32.Build.0 = Release|Win32
		{8A7E6912-5ACC-4F43-D502-D643E5AB6E34}.Debug|Win32.ActiveCfg = Debug|Win32
		{8A7E6912-5ACC-4F43-D502-D643E5AB6E34}.Debug|Win32.Build.0 = Debug|Win32
		{8A7E6912-5ACC-4F43-D502-D643E5AB6E34}.Release|Win32.ActiveCfg = Release|Win32
		{8A7E6912-5ACC-4F43-D502-D643E5AB6E34}.Release|Win32.Build.0 = Release|Win32
		{04DFB3FD-048D-4841-94DD-B78005800E59}.Debug|Win32.ActiveCfg = Debug|Win32
		{04DFB3FD-048D-4841-94DD-B78005800E59}.Debug|Win32.Build.0 = Debug|Win32
		{04DFB3FD-048D-4841-94DD-B78005800E59}.Release|Win32.ActiveCfg = Release|Win32
		{04DFB3FD-048D-4841-94DD-B78005800E59}.Release|Win32.Build.0 = Release|Win32
		{14D9A3D9-76A3-48D3-8312-453A34B610A3}.Debug|Win32.ActiveCfg = Debug|Win32
		{14D9A3D9-76A3-48D3-8312-453A34B610A3}.Debug|Win32.Build.0 = Debug|Win32
		{14D9A3D9-76A3-48D3-8312-453A34B610A3}.Release|Win32.ActiveCfg = Release|Win32
		{14D9A3D9-76A3-48D3-8312-453A34B610A3}.Release|Win32.Build.0 = Release|Win32
		{433A2084-F5DD-4F73-8C85-170A4FA34F38}.Debug|Win32.ActiveCfg = Debug|Win32
		{433A2084-F5DD-4F73-8C85-170A4FA34F38}.Debug|Win32.Build.0 = Debug|Win32
		{433A2084-F5DD-4F73-8C85-170A4FA34F38}.Release|Win32.ActiveCfg = Release|Win32
		{433A2084-F5DD-4F73-8C85-170A4FA34F38}.Release|Win32.Build.0 = Release|Win32
		{2CA56C29-3A9D-4FF6-82EE-49E6AD4F4CF1}.Debug|Win32.ActiveCfg = Debug|Win32
		{2CA56C29-3A9D-4FF6-82EE-49E6AD4F4CF1}.Debug|Win32.Build.0 = Debug|Win32
		{2CA56C29-3A9D-4FF6-82EE-49E6AD4F4CF1}.Release|Win32.ActiveCfg = Release|Win32
		{2CA56C29-3A9D-4FF6-82EE-49E6AD4F4CF1}.Release|Win32.Build.0 = Release|Win32
		{92D97332-DA18-4923-A872-453442AD50BC}.Debug|Win32.ActiveCfg = Debug|Win32
		{92D97332-DA18-4923-A872-453442AD50BC}.Debug|Win32.Build.0 = Debug|Win32
		{92D97332-DA18-4923-A872-453442AD50BC}.Release|Win32.ActiveCfg = Release|Win32
		{92D97332-DA18-4923-A872-453442AD50BC}.Release|Win32.Build.0 = Release|Win32
		{67A21DCE-38FA-4705-A33D-D7711D4CE93D}.Debug|Win32.ActiveCfg = Debug|Win32
		{67A21DCE-38FA-4705-A33D-D7711D4CE93D}.Debug|Win32.Build.0 = Debug|Win32
		{67A21DCE-38FA-4705-A33D-D7711D4CE93D}.Release|Win32.ActiveCfg = Release|Win32
		{67A21DCE-38FA-4705-A33D-D7711D4CE93D}.Release|Win32.Build.0 = Release|Win32
		{4422F42E-A123-4776-AE4D-490D12A6316E}.Debug|Win32.ActiveCfg = Debug|Win32
		{4422F42E-A123-4776-AE4D-490D12A6316E}.Debug|Win32.Build.0 = Debug|Win32
		{4422F42E-A123-4776-AE4D-490D12A6316E}.Release|Win32.ActiveCfg = Release|Win32
		{4422F42E-A123-4776-AE4D-490D12A6316E}.Release|Win32.Build.0 = Release|Win32
		{2BA80F84-2AD3-4730-1AB2-2ABB5C9217A7}.Debug|Win32.ActiveCfg = Debug|Win32
		{2BA80F84-2AD3-4730-1AB2-2ABB5C9217A7}.Debug|Win32.Build.0 = Debug|Win32
		{2BA80F84-2AD3-4730-1AB2-2ABB5C9217A7}.Release|Win32.ActiveCfg = Release|Win32
		{2BA80F84-2AD3-4730-1AB2-2ABB5C9217A7}.Release|Win32.Build.0 = Release|Win32
		{4371F4BE-3D23-479B-7F4D-492112A6986E}.Debug|Win32.ActiveCfg = Debug|Win32
		{4371F4BE-3D23-479B-7F4D-492112A6986E}.Debug|Win32.Build.0 = Debug|Win32
		{4371F4BE-3D23-479B-7F4D-492112A6986E}.Release|Win32.ActiveCfg = Release|Win32
		{4371F4BE-3D23-479B-7F4D-492112A6986E}.Release|Win32.Build.0 = Release|Win32
		{43716F17-125F-4B1C-B783-7AAC92AA136E}.Debug|Win32.ActiveCfg = Debug|Win32
		{43716F17-125F-4B1C-B783-7AAC92AA136E}.Debug|Win32.Build.0 = Debug|Win32
		{43716F17-125F-4B1C-B783-7AAC92AA136E}.Release|Win32.ActiveCfg = Release|Win32
		{43716F17-125F-4B1C-B783-7AAC92AA136E}.Release|Win32.Build.0 = Release|Win32
		{F08AB2E8-BCA0-3F54-1234-91B45A30441C}.Debug|Win32.ActiveCfg = Debug|Win32
		{F08AB2E8-BCA0-3F54-1234-91B45A30441C}.Debug|Win32.Build.0 = Debug|Win32
		{F08AB2E8-BCA0-3F54-1234-91B45A30441C}.Release|Win32.ActiveCfg = Release|Win32
		{F08AB2E8-BCA0-3F54-1234-91B45A30441C}.Release|Win32.Build.0 = Release|Win32
		{AA54CD22-E1E1-4A00-1374-EE6959D85DBE}.Debug|Win32.ActiveCfg = Debug|Win32
		{AA54CD22-E1E1-4A00-1374-EE6959D85DBE}.Debug|Win32.Build.0 = Debug|Win32
		{AA54CD22-E1E1-4A00-1374-EE6959D85DBE}.Release|Win32.ActiveCfg = Release|Win32
		{AA54CD22-E1E1-4A00-1374-EE6959D85DBE}.Release|Win32.Build.0 = Release|Win32
		{4858B743-85F4-914A-70C8-6EE226B2D423}.Debug|Win32.ActiveCfg = Debug|Win32
		{4858B743-85F4-914A-70C8-6EE226B2D423}.Debug|Win32.Build.0 = Debug|Win32
		{4858B743-85F4-914A-70C8-6EE226B2D423}.Release|Win32.ActiveCfg = Release|Win32
		{4858B743-85F4-914A-70C8-6EE226B2D423}.Release|Win32.Build.0 = Release|Win32
	EndGlobalSection
	GlobalSection(SolutionProperties) = preSolution
		HideSolutionNode = FALSE
	EndGlobalSection
EndGlobal
